
Microsoft Visual Studio Solution File, Format Version 12.00
# Visual Studio 15
VisualStudioVersion = 15.0.27130.2036
MinimumVisualStudioVersion = 10.0.40219.1
Project("{2150E333-8FDC-42A3-9474-1A3956D46DE8}") = "1_CLang", "1_CLang", "{5B11B1C8-39D6-41F4-A9D1-B340F2E4D266}"
EndProject
Project("{8BC9CEB8-8B4A-11D0-8D11-00A0C91BC942}") = "01_ex_00", "study\1_c_lang\1_clang_00\ex_00.vcxproj", "{DCFECDB7-F527-4ADC-A4D7-91877DC006AC}"
EndProject
Project("{8BC9CEB8-8B4A-11D0-8D11-00A0C91BC942}") = "02_ex_01", "study\1_c_lang\2_clang_01\ex_01.vcxproj", "{F39A68C0-B8C0-44F8-B6D9-83E0B7EC3455}"
EndProject
Project("{8BC9CEB8-8B4A-11D0-8D11-00A0C91BC942}") = "03_ex_02", "study\1_c_lang\3_clang_02\ex_02.vcxproj", "{4AAA1E5C-7CCB-4295-822E-56B37B69776A}"
EndProject
Project("{8BC9CEB8-8B4A-11D0-8D11-00A0C91BC942}") = "04_ex_03", "study\1_c_lang\4_clang_03\ex_03.vcxproj", "{1D9BFE81-ACE7-4D6B-9899-51CD401CB1C7}"
EndProject
Project("{8BC9CEB8-8B4A-11D0-8D11-00A0C91BC942}") = "05_Diamond", "study\1_c_lang\5_Diamond\Diamond.vcxproj", "{B0D1800C-7313-47A5-A541-ADAECDC59D79}"
EndProject
Project("{8BC9CEB8-8B4A-11D0-8D11-00A0C91BC942}") = "06_HanoiTower", "study\1_c_lang\6_HanoiTower\HanoiTower.vcxproj", "{895DACAB-8D96-49B5-8140-59754F2F45AA}"
EndProject
Project("{8BC9CEB8-8B4A-11D0-8D11-00A0C91BC942}") = "07_MagicSquare", "study\1_c_lang\7_MagicSquare\MagicSquare.vcxproj", "{534865AF-42F4-4372-BD4A-6375A01A1EC7}"
EndProject
Project("{8BC9CEB8-8B4A-11D0-8D11-00A0C91BC942}") = "08_Macro", "study\1_c_lang\8_Macro\Macro.vcxproj", "{F0EC7A08-DA86-46F5-ACF0-54FC7DE84F27}"
EndProject
Project("{8BC9CEB8-8B4A-11D0-8D11-00A0C91BC942}") = "09_Union", "study\1_c_lang\9_Union\Union_0.vcxproj", "{6653A6E0-29D8-4AA5-9B27-525FE09CC183}"
EndProject
Project("{8BC9CEB8-8B4A-11D0-8D11-00A0C91BC942}") = "10_Omok", "study\1_c_lang\10_Omok\Omok.vcxproj", "{4487D4C2-5A03-4E63-B693-9F0E3A79F0E8}"
EndProject
Project("{8BC9CEB8-8B4A-11D0-8D11-00A0C91BC942}") = "11_FILEIO_0", "study\1_c_lang\11_FILEIO_0\FILEIO_0.vcxproj", "{9113D561-F5C5-4DFF-8458-44BA558C2EF5}"
EndProject
Project("{8BC9CEB8-8B4A-11D0-8D11-00A0C91BC942}") = "12_FILEIO_1", "study\1_c_lang\12_FILEIO_1\FILEIO_1.vcxproj", "{98C7F734-8871-4446-BD0C-F436D5240364}"
EndProject
Project("{8BC9CEB8-8B4A-11D0-8D11-00A0C91BC942}") = "13_FileIO_2", "study\1_c_lang\13_FileIO_2\FileIO_2.vcxproj", "{774A4F41-BD4D-4BE4-ADA3-3543C628F0B4}"
EndProject
Project("{8BC9CEB8-8B4A-11D0-8D11-00A0C91BC942}") = "14_Posix", "study\1_c_lang\14_Posix\Posix.vcxproj", "{1AC8C93B-313C-4739-8984-90A93D1F3302}"
EndProject
Project("{8BC9CEB8-8B4A-11D0-8D11-00A0C91BC942}") = "15_studentMGR", "study\1_c_lang\15_studentMGR\studentMGR.vcxproj", "{FF4979F9-ABB1-437D-80F5-1A721981A123}"
EndProject
Project("{2150E333-8FDC-42A3-9474-1A3956D46DE8}") = "2_Cpp", "2_Cpp", "{4BE199B5-28F0-4281-A900-839E137EB925}"
EndProject
Project("{2150E333-8FDC-42A3-9474-1A3956D46DE8}") = "kgcasample", "kgcasample", "{336726BB-2FE7-4DC9-9A07-7193882C34AC}"
EndProject
Project("{2150E333-8FDC-42A3-9474-1A3956D46DE8}") = "espresso", "espresso", "{98046943-53FB-4C69-82A8-BFB7438941B8}"
EndProject
Project("{8BC9CEB8-8B4A-11D0-8D11-00A0C91BC942}") = "01_Reference", "study\2_Cpp\Espresso\1_Reference\1_Reference.vcxproj", "{7BB9AD38-D63E-4305-BB51-3D7B32F34DF5}"
EndProject
Project("{8BC9CEB8-8B4A-11D0-8D11-00A0C91BC942}") = "03_Default Prameter", "study\2_Cpp\Espresso\3_Default Prameter\3_Default Prameter.vcxproj", "{08201AA7-8DDA-4A55-9D5D-CDA5E47CD765}"
EndProject
Project("{8BC9CEB8-8B4A-11D0-8D11-00A0C91BC942}") = "02_FunctionOverloading", "study\2_Cpp\Espresso\2_FunctionOverloading\2_FunctionOverloading.vcxproj", "{113333FE-730A-4BDA-9F96-AA2F6464B0DD}"
EndProject
Project("{8BC9CEB8-8B4A-11D0-8D11-00A0C91BC942}") = "04_ClassDate", "study\2_Cpp\Espresso\4_ClassDate\4_ClassDate.vcxproj", "{D6745D5E-8B04-4770-8AEF-BE27003982CD}"
EndProject
Project("{8BC9CEB8-8B4A-11D0-8D11-00A0C91BC942}") = "05_1_StringClass", "study\2_Cpp\Espresso\5_StringClass\5_StringClass.vcxproj", "{AC591B45-1D65-4B7B-9DBC-7A441E55CF1A}"
EndProject
Project("{8BC9CEB8-8B4A-11D0-8D11-00A0C91BC942}") = "05_2_StringMethod ++", "study\2_Cpp\Espresso\5_StringMethod ++\5_StringMethod ++.vcxproj", "{5002BAB5-B271-4F4B-BBD5-CFC4449CEC09}"
EndProject
Project("{8BC9CEB8-8B4A-11D0-8D11-00A0C91BC942}") = "06_ConstructorAndDestructor", "study\2_Cpp\Espresso\6_ConstructorAndDestructor\6_ConstructorAndDestructor.vcxproj", "{203DB19F-3170-4144-863F-C8E27F5CA5FA}"
EndProject
Project("{8BC9CEB8-8B4A-11D0-8D11-00A0C91BC942}") = "07_Class+a", "study\2_Cpp\Espresso\7_Class+a\7_Class+a.vcxproj", "{100D9601-32BE-43B6-A6D2-F312ADCBDAB4}"
EndProject
Project("{8BC9CEB8-8B4A-11D0-8D11-00A0C91BC942}") = "08_inheritance", "study\2_Cpp\Espresso\8_inheritance\8_inheritance.vcxproj", "{A4387C1B-FC6F-42BB-B94F-D0CDE7A63548}"
EndProject
Project("{8BC9CEB8-8B4A-11D0-8D11-00A0C91BC942}") = "09_1_Polymophism", "study\2_Cpp\Espresso\9_0_Polymophism\9_Polymophism.vcxproj", "{B55D185F-52CC-492F-836A-D9A6BE758063}"
EndProject
Project("{8BC9CEB8-8B4A-11D0-8D11-00A0C91BC942}") = "09_2_Polymophism(+)", "study\2_Cpp\Espresso\9_1_Polymophism(+)\9_Polymophism(+).vcxproj", "{3AE0948C-5FB5-4412-918F-BFCFCF293428}"
EndProject
Project("{8BC9CEB8-8B4A-11D0-8D11-00A0C91BC942}") = "10_1_FriendFunction", "study\2_Cpp\Espresso\10_1_FriendFunction\10_1_FriendFunction.vcxproj", "{D89A4FCC-6FC5-4138-9436-3EDD1079B585}"
EndProject
Project("{8BC9CEB8-8B4A-11D0-8D11-00A0C91BC942}") = "10_2_OperatorOverloading(matrix)", "study\2_Cpp\Espresso\10_2_OperatorOverloading(matrix)\10_2_OperatorOverloading(matrix).vcxproj", "{7DCE2695-4C64-409C-A08B-B6E348358D16}"
EndProject
Project("{8BC9CEB8-8B4A-11D0-8D11-00A0C91BC942}") = "10_3 OperatorOverloading(all)", "study\2_Cpp\Espresso\10_3 OperatorOverloading(all)\10_3 OperatorOverloading(all).vcxproj", "{E9CD7823-0C2E-457F-8C73-771F5D86E393}"
EndProject
Project("{8BC9CEB8-8B4A-11D0-8D11-00A0C91BC942}") = "LAB01_Basic", "study\2_Cpp\Espresso\LAB01_Basic\LAB01_Basic.vcxproj", "{931F4AAF-08D1-4BB7-AB21-2D9EC02984BE}"
EndProject
Project("{8BC9CEB8-8B4A-11D0-8D11-00A0C91BC942}") = "P02_function", "study\2_Cpp\Espresso\P02_function\P02_function.vcxproj", "{2B487CE8-B86B-498E-8295-AE355D9819D8}"
EndProject
Project("{8BC9CEB8-8B4A-11D0-8D11-00A0C91BC942}") = "0_struct", "study\2_Cpp\kgca\0_struct\0_struct.vcxproj", "{0A8DE5B6-0A91-4492-AF4E-9F7ADF1BC919}"
EndProject
Project("{8BC9CEB8-8B4A-11D0-8D11-00A0C91BC942}") = "0_struct_1", "study\2_Cpp\kgca\0_struct_1\0_struct_1.vcxproj", "{9DEF9DCB-8CB4-4591-83CF-91A3238FF67B}"
EndProject
Project("{8BC9CEB8-8B4A-11D0-8D11-00A0C91BC942}") = "1_Class", "study\2_Cpp\kgca\1_Class\1_Class.vcxproj", "{019E661A-26EC-48D3-985A-5879F4EF65D5}"
EndProject
Project("{8BC9CEB8-8B4A-11D0-8D11-00A0C91BC942}") = "2_Region", "study\2_Cpp\kgca\2_Region\2_Region.vcxproj", "{542AB1D0-38FC-4B81-BE3C-556CC1099467}"
EndProject
Project("{8BC9CEB8-8B4A-11D0-8D11-00A0C91BC942}") = "3_Operator", "study\2_Cpp\kgca\3_Operator\3_Operator.vcxproj", "{99A7AC2E-02CB-473A-A3FB-94D57AE05919}"
EndProject
Project("{8BC9CEB8-8B4A-11D0-8D11-00A0C91BC942}") = "4_Friend", "study\2_Cpp\kgca\4_Friend\4_Friend.vcxproj", "{DE0D26F6-F6A2-4829-9052-1FB276CE1865}"
EndProject
Project("{8BC9CEB8-8B4A-11D0-8D11-00A0C91BC942}") = "5_CopyConstructor", "study\2_Cpp\kgca\5_CopyConstructor\5_CopyConstructor.vcxproj", "{2A77C0E2-F209-4C09-8AEC-299DD1800E84}"
EndProject
Project("{8BC9CEB8-8B4A-11D0-8D11-00A0C91BC942}") = "6_Inheritance", "study\2_Cpp\kgca\6_Inheritance\6_Inheritance.vcxproj", "{27192E3B-D596-473D-ABB6-60A2D718BB06}"
EndProject
Project("{8BC9CEB8-8B4A-11D0-8D11-00A0C91BC942}") = "7_Polymorphism_0", "study\2_Cpp\kgca\7_Polymorphism_0\7_Polymorphism_0.vcxproj", "{FF9B3CD7-D1D3-4676-8B4F-C0492677847C}"
EndProject
Project("{8BC9CEB8-8B4A-11D0-8D11-00A0C91BC942}") = "8_Employee(Polymophism)", "study\2_Cpp\kgca\8_Employee(Polymophism)\8_Employee(Polymophism).vcxproj", "{7C645BE0-6E3A-40AD-9B7D-EEE0666D9509}"
EndProject
Project("{8BC9CEB8-8B4A-11D0-8D11-00A0C91BC942}") = "9_TryCatch", "study\2_Cpp\kgca\9_TryCatch\9_TryCatch.vcxproj", "{FA86EB80-F582-4A7D-9710-0D9A925B9C4E}"
EndProject
Project("{8BC9CEB8-8B4A-11D0-8D11-00A0C91BC942}") = "a0_FuctionTemplate", "study\2_Cpp\kgca\a0_FuctionTemplate\a0_FuctionTemplate.vcxproj", "{0240A580-54E0-409E-A5F0-BF10DAFB3F2E}"
EndProject
Project("{8BC9CEB8-8B4A-11D0-8D11-00A0C91BC942}") = "a1_TemplatePartial", "study\2_Cpp\kgca\a1_TemplatePartial\a1_TemplatePartial.vcxproj", "{A7673722-ED88-4EAC-89C5-E2541B539439}"
EndProject
Project("{8BC9CEB8-8B4A-11D0-8D11-00A0C91BC942}") = "a2_TemplateStudent", "study\2_Cpp\kgca\a2_TemplateStudent\a2_TemplateStudent.vcxproj", "{245929FD-E34C-4E18-A21C-59F4131BB34A}"
EndProject
Project("{8BC9CEB8-8B4A-11D0-8D11-00A0C91BC942}") = "c_variableFactor", "study\2_Cpp\kgca\c_variableFactor\c_variableFactor.vcxproj", "{58FD0885-7D7F-4CD0-B9D3-19A648DDAB5D}"
EndProject
Project("{8BC9CEB8-8B4A-11D0-8D11-00A0C91BC942}") = "b_cast_keyword", "study\2_Cpp\kgca\cast_keyword\cast_keyword.vcxproj", "{BC6E791A-4530-4A66-A26E-546BBB7EBC57}"
EndProject
Project("{8BC9CEB8-8B4A-11D0-8D11-00A0C91BC942}") = "LinkedListClass", "study\2_Cpp\kgca\LinkedListClass\LinkedListClass.vcxproj", "{C6CCEDA4-2555-4BF8-98EC-D21736706631}"
EndProject
Project("{8BC9CEB8-8B4A-11D0-8D11-00A0C91BC942}") = "Struct_Cpp", "study\2_Cpp\kgca\Struct_Cpp\Struct_Cpp.vcxproj", "{9C09E06F-6528-4065-AA9E-D9656E6A6379}"
EndProject
Project("{2150E333-8FDC-42A3-9474-1A3956D46DE8}") = "3_DataStructure", "3_DataStructure", "{F95B6AF2-3E00-4CBE-A08A-C862E9FD9AE8}"
EndProject
Project("{2150E333-8FDC-42A3-9474-1A3956D46DE8}") = "4_Algorithm", "4_Algorithm", "{20F4E54D-2463-4BF4-8469-4234735F7324}"
EndProject
Project("{2150E333-8FDC-42A3-9474-1A3956D46DE8}") = "5_STL", "5_STL", "{E080101B-1B14-4701-979C-E0B035FD2958}"
EndProject
Project("{2150E333-8FDC-42A3-9474-1A3956D46DE8}") = "6_DesignPattern", "6_DesignPattern", "{27C7D500-78DE-41E7-AD4C-373FBE4DABD2}"
EndProject
Project("{2150E333-8FDC-42A3-9474-1A3956D46DE8}") = "7_API", "7_API", "{9D752B07-79A3-4997-B8AB-4B806BA126F0}"
EndProject
Project("{2150E333-8FDC-42A3-9474-1A3956D46DE8}") = "8_net", "8_net", "{560EA5D1-5D27-402A-BB7B-365EDE6D6500}"
EndProject
Project("{2150E333-8FDC-42A3-9474-1A3956D46DE8}") = "9_DB", "9_DB", "{6202D3E1-299D-4255-83AA-DFEB9E4EA8A5}"
EndProject
Project("{8BC9CEB8-8B4A-11D0-8D11-00A0C91BC942}") = "00_LinearList", "study\3_DataStructure\0_LinearList\0_LinearList.vcxproj", "{A709B9E1-ECC7-447C-87D3-652D88C028D1}"
EndProject
Project("{8BC9CEB8-8B4A-11D0-8D11-00A0C91BC942}") = "01_SingleLinkedList", "study\3_DataStructure\1_SingleLinkedList\1_SingleLinkedList.vcxproj", "{CA35B2F5-BA9E-403E-ABA6-8599594D9AD8}"
EndProject
Project("{8BC9CEB8-8B4A-11D0-8D11-00A0C91BC942}") = "02_DoublyLinkedList", "study\3_DataStructure\2_DoublyLinkedList\2_DoublyLinkedList.vcxproj", "{0AB70DF8-5741-461F-AB1B-86A348A3A7E9}"
EndProject
Project("{8BC9CEB8-8B4A-11D0-8D11-00A0C91BC942}") = "03_SircularLinkedList", "study\3_DataStructure\3_SircularLinkedList\3_SircularLinkedList.vcxproj", "{C6F5A9FA-893E-46F7-8C74-2A27C349925A}"
EndProject
Project("{8BC9CEB8-8B4A-11D0-8D11-00A0C91BC942}") = "04_Stack_array", "study\3_DataStructure\4_Stack_array\4_Stack_array.vcxproj", "{80E477DF-6BBB-42A9-AF79-6D1456B2E7C3}"
EndProject
Project("{8BC9CEB8-8B4A-11D0-8D11-00A0C91BC942}") = "05_Stack_list", "study\3_DataStructure\5_Stack_list\5_Stack_list.vcxproj", "{888316C4-B5AD-46BB-A0D5-BE457E985D87}"
EndProject
Project("{8BC9CEB8-8B4A-11D0-8D11-00A0C91BC942}") = "06_Queue_list", "study\3_DataStructure\6_Queue_list\6_Queue_list.vcxproj", "{FE3710D3-C5C2-4F32-97A1-B83C877434CB}"
EndProject
Project("{8BC9CEB8-8B4A-11D0-8D11-00A0C91BC942}") = "07_CircularQueue_array", "study\3_DataStructure\7_CircularQueue_array\7_CircularQueue_array.vcxproj", "{87C9CCD4-BF1A-435D-B492-3DDC76E95B76}"
EndProject
Project("{8BC9CEB8-8B4A-11D0-8D11-00A0C91BC942}") = "08_a_ReverseString", "study\3_DataStructure\8_StackSample(ReverseString)\8_StackSample(ReverseString).vcxproj", "{2F0605A0-CCD2-4B28-BA93-672E19350939}"
EndProject
Project("{8BC9CEB8-8B4A-11D0-8D11-00A0C91BC942}") = "08_b_RadixTransformation", "study\3_DataStructure\8_b_RadixTransformation\8_b_RadixTransformation.vcxproj", "{46BEC021-8787-418E-BE47-F6C91C8D6522}"
EndProject
Project("{8BC9CEB8-8B4A-11D0-8D11-00A0C91BC942}") = "09_QueueingTheory", "study\3_DataStructure\9_QueueingTheory\9_QueueingTheory.vcxproj", "{21F75AAF-E043-4EFF-ACCD-8765F6FDB77A}"
EndProject
Project("{8BC9CEB8-8B4A-11D0-8D11-00A0C91BC942}") = "10_PalindromesCheck", "study\3_DataStructure\10_PalindromesCheck\10_PalindromesCheck.vcxproj", "{B0857300-9500-4C9E-BAF1-1192DE63972A}"
EndProject
Project("{8BC9CEB8-8B4A-11D0-8D11-00A0C91BC942}") = "11_Calculator", "study\3_DataStructure\11_calculator\11_calculator.vcxproj", "{426C2044-050B-4AFA-B2F7-BF34D52C256B}"
EndProject
Project("{8BC9CEB8-8B4A-11D0-8D11-00A0C91BC942}") = "12_Deque", "study\3_DataStructure\12_deque\12_deque.vcxproj", "{1C24F936-5066-4964-AD65-23EF919C340B}"
EndProject
Project("{8BC9CEB8-8B4A-11D0-8D11-00A0C91BC942}") = "13_Scroll_Shelf", "study\3_DataStructure\13_Scroll_Shelp\13_Scroll_Shelp.vcxproj", "{2BBF4A31-950B-45F8-8832-AB17E495C4A1}"
EndProject
Project("{8BC9CEB8-8B4A-11D0-8D11-00A0C91BC942}") = "14_JosephusProblem", "study\3_DataStructure\14_JosephusProblem\14_JosephusProblem.vcxproj", "{7B64D506-58BD-43D6-9776-3B26530F0E5A}"
EndProject
Project("{8BC9CEB8-8B4A-11D0-8D11-00A0C91BC942}") = "15_ABT_array", "study\3_DataStructure\15_AVT_array\15_AVT_array.vcxproj", "{7F77C742-8026-4185-9A1F-94185CC8688E}"
EndProject
Project("{8BC9CEB8-8B4A-11D0-8D11-00A0C91BC942}") = "16_BinaryTree_pointer", "study\3_DataStructure\16_ABT_pointer\16_ABT_pointer.vcxproj", "{45999F1A-1023-41C9-8021-CDBD59889969}"
EndProject
Project("{8BC9CEB8-8B4A-11D0-8D11-00A0C91BC942}") = "17_ThreadBT", "study\3_DataStructure\17_ThreadBT\17_ThreadBT.vcxproj", "{86FE9ECF-EC98-4446-8160-742918399EFD}"
EndProject
Project("{8BC9CEB8-8B4A-11D0-8D11-00A0C91BC942}") = "0_ODBC", "study\9_DB\0_ODBC\0_ODBC.vcxproj", "{22D38C97-7683-4D39-8346-E8A3F2FF25BA}"
EndProject
Project("{8BC9CEB8-8B4A-11D0-8D11-00A0C91BC942}") = "18_ExpressionTree", "study\3_DataStructure\18_ExpressionTree\18_ExpressionTree.vcxproj", "{E1F290D2-99DB-48F1-AB65-B1B6DE045616}"
EndProject
Project("{8BC9CEB8-8B4A-11D0-8D11-00A0C91BC942}") = "19_BinarySearchTree", "study\3_DataStructure\19_BinarySearchTree\19_BinarySearchTree.vcxproj", "{65F184E1-0F32-4174-A958-03B0421FC716}"
EndProject
Project("{8BC9CEB8-8B4A-11D0-8D11-00A0C91BC942}") = "0_ODBC_lib", "study\9_DB\0_ODBC_lib\0_ODBC_lib.vcxproj", "{71754A29-81E3-4AF6-BA28-5EE1F7E39C47}"
EndProject
Project("{8BC9CEB8-8B4A-11D0-8D11-00A0C91BC942}") = "6_overlapped(1)_lib", "study\8_net\6_overlapped(1)_lib\6_overlapped(1)_lib.vcxproj", "{8F1E4FDE-5E2B-4F98-A9F2-B42C2E631E49}"
EndProject
Project("{8BC9CEB8-8B4A-11D0-8D11-00A0C91BC942}") = "6_overlapped(1)_exe", "study\8_net\6_overlapped(1)_exe\6_overlapped(1)_exe.vcxproj", "{AF6BE3D7-6462-415B-AADF-B03A4CFC5C30}"
EndProject
Project("{8BC9CEB8-8B4A-11D0-8D11-00A0C91BC942}") = "0_ODBC_exe", "study\9_DB\0_ODBC_exe\0_ODBC_exe.vcxproj", "{61102644-0A42-4A07-B973-7DFA68D0F27D}"
EndProject
Project("{8BC9CEB8-8B4A-11D0-8D11-00A0C91BC942}") = "20_Heap", "study\3_DataStructure\20_Heap\20_Heap.vcxproj", "{AFBA894D-8A8E-4B74-851D-9C7EC1D017B8}"
EndProject
Global
	GlobalSection(SolutionConfigurationPlatforms) = preSolution
		Debug|x64 = Debug|x64
		Debug|x86 = Debug|x86
		Release|x64 = Release|x64
		Release|x86 = Release|x86
	EndGlobalSection
	GlobalSection(ProjectConfigurationPlatforms) = postSolution
		{DCFECDB7-F527-4ADC-A4D7-91877DC006AC}.Debug|x64.ActiveCfg = Debug|x64
		{DCFECDB7-F527-4ADC-A4D7-91877DC006AC}.Debug|x64.Build.0 = Debug|x64
		{DCFECDB7-F527-4ADC-A4D7-91877DC006AC}.Debug|x86.ActiveCfg = Debug|Win32
		{DCFECDB7-F527-4ADC-A4D7-91877DC006AC}.Debug|x86.Build.0 = Debug|Win32
		{DCFECDB7-F527-4ADC-A4D7-91877DC006AC}.Release|x64.ActiveCfg = Release|x64
		{DCFECDB7-F527-4ADC-A4D7-91877DC006AC}.Release|x64.Build.0 = Release|x64
		{DCFECDB7-F527-4ADC-A4D7-91877DC006AC}.Release|x86.ActiveCfg = Release|Win32
		{DCFECDB7-F527-4ADC-A4D7-91877DC006AC}.Release|x86.Build.0 = Release|Win32
		{F39A68C0-B8C0-44F8-B6D9-83E0B7EC3455}.Debug|x64.ActiveCfg = Debug|x64
		{F39A68C0-B8C0-44F8-B6D9-83E0B7EC3455}.Debug|x64.Build.0 = Debug|x64
		{F39A68C0-B8C0-44F8-B6D9-83E0B7EC3455}.Debug|x86.ActiveCfg = Debug|Win32
		{F39A68C0-B8C0-44F8-B6D9-83E0B7EC3455}.Debug|x86.Build.0 = Debug|Win32
		{F39A68C0-B8C0-44F8-B6D9-83E0B7EC3455}.Release|x64.ActiveCfg = Release|x64
		{F39A68C0-B8C0-44F8-B6D9-83E0B7EC3455}.Release|x64.Build.0 = Release|x64
		{F39A68C0-B8C0-44F8-B6D9-83E0B7EC3455}.Release|x86.ActiveCfg = Release|Win32
		{F39A68C0-B8C0-44F8-B6D9-83E0B7EC3455}.Release|x86.Build.0 = Release|Win32
		{4AAA1E5C-7CCB-4295-822E-56B37B69776A}.Debug|x64.ActiveCfg = Debug|x64
		{4AAA1E5C-7CCB-4295-822E-56B37B69776A}.Debug|x64.Build.0 = Debug|x64
		{4AAA1E5C-7CCB-4295-822E-56B37B69776A}.Debug|x86.ActiveCfg = Debug|Win32
		{4AAA1E5C-7CCB-4295-822E-56B37B69776A}.Debug|x86.Build.0 = Debug|Win32
		{4AAA1E5C-7CCB-4295-822E-56B37B69776A}.Release|x64.ActiveCfg = Release|x64
		{4AAA1E5C-7CCB-4295-822E-56B37B69776A}.Release|x64.Build.0 = Release|x64
		{4AAA1E5C-7CCB-4295-822E-56B37B69776A}.Release|x86.ActiveCfg = Release|Win32
		{4AAA1E5C-7CCB-4295-822E-56B37B69776A}.Release|x86.Build.0 = Release|Win32
		{1D9BFE81-ACE7-4D6B-9899-51CD401CB1C7}.Debug|x64.ActiveCfg = Debug|x64
		{1D9BFE81-ACE7-4D6B-9899-51CD401CB1C7}.Debug|x64.Build.0 = Debug|x64
		{1D9BFE81-ACE7-4D6B-9899-51CD401CB1C7}.Debug|x86.ActiveCfg = Debug|Win32
		{1D9BFE81-ACE7-4D6B-9899-51CD401CB1C7}.Debug|x86.Build.0 = Debug|Win32
		{1D9BFE81-ACE7-4D6B-9899-51CD401CB1C7}.Release|x64.ActiveCfg = Release|x64
		{1D9BFE81-ACE7-4D6B-9899-51CD401CB1C7}.Release|x64.Build.0 = Release|x64
		{1D9BFE81-ACE7-4D6B-9899-51CD401CB1C7}.Release|x86.ActiveCfg = Release|Win32
		{1D9BFE81-ACE7-4D6B-9899-51CD401CB1C7}.Release|x86.Build.0 = Release|Win32
		{B0D1800C-7313-47A5-A541-ADAECDC59D79}.Debug|x64.ActiveCfg = Debug|x64
		{B0D1800C-7313-47A5-A541-ADAECDC59D79}.Debug|x64.Build.0 = Debug|x64
		{B0D1800C-7313-47A5-A541-ADAECDC59D79}.Debug|x86.ActiveCfg = Debug|Win32
		{B0D1800C-7313-47A5-A541-ADAECDC59D79}.Debug|x86.Build.0 = Debug|Win32
		{B0D1800C-7313-47A5-A541-ADAECDC59D79}.Release|x64.ActiveCfg = Release|x64
		{B0D1800C-7313-47A5-A541-ADAECDC59D79}.Release|x64.Build.0 = Release|x64
		{B0D1800C-7313-47A5-A541-ADAECDC59D79}.Release|x86.ActiveCfg = Release|Win32
		{B0D1800C-7313-47A5-A541-ADAECDC59D79}.Release|x86.Build.0 = Release|Win32
		{895DACAB-8D96-49B5-8140-59754F2F45AA}.Debug|x64.ActiveCfg = Debug|x64
		{895DACAB-8D96-49B5-8140-59754F2F45AA}.Debug|x64.Build.0 = Debug|x64
		{895DACAB-8D96-49B5-8140-59754F2F45AA}.Debug|x86.ActiveCfg = Debug|Win32
		{895DACAB-8D96-49B5-8140-59754F2F45AA}.Debug|x86.Build.0 = Debug|Win32
		{895DACAB-8D96-49B5-8140-59754F2F45AA}.Release|x64.ActiveCfg = Release|x64
		{895DACAB-8D96-49B5-8140-59754F2F45AA}.Release|x64.Build.0 = Release|x64
		{895DACAB-8D96-49B5-8140-59754F2F45AA}.Release|x86.ActiveCfg = Release|Win32
		{895DACAB-8D96-49B5-8140-59754F2F45AA}.Release|x86.Build.0 = Release|Win32
		{534865AF-42F4-4372-BD4A-6375A01A1EC7}.Debug|x64.ActiveCfg = Debug|x64
		{534865AF-42F4-4372-BD4A-6375A01A1EC7}.Debug|x64.Build.0 = Debug|x64
		{534865AF-42F4-4372-BD4A-6375A01A1EC7}.Debug|x86.ActiveCfg = Debug|Win32
		{534865AF-42F4-4372-BD4A-6375A01A1EC7}.Debug|x86.Build.0 = Debug|Win32
		{534865AF-42F4-4372-BD4A-6375A01A1EC7}.Release|x64.ActiveCfg = Release|x64
		{534865AF-42F4-4372-BD4A-6375A01A1EC7}.Release|x64.Build.0 = Release|x64
		{534865AF-42F4-4372-BD4A-6375A01A1EC7}.Release|x86.ActiveCfg = Release|Win32
		{534865AF-42F4-4372-BD4A-6375A01A1EC7}.Release|x86.Build.0 = Release|Win32
		{F0EC7A08-DA86-46F5-ACF0-54FC7DE84F27}.Debug|x64.ActiveCfg = Debug|x64
		{F0EC7A08-DA86-46F5-ACF0-54FC7DE84F27}.Debug|x64.Build.0 = Debug|x64
		{F0EC7A08-DA86-46F5-ACF0-54FC7DE84F27}.Debug|x86.ActiveCfg = Debug|Win32
		{F0EC7A08-DA86-46F5-ACF0-54FC7DE84F27}.Debug|x86.Build.0 = Debug|Win32
		{F0EC7A08-DA86-46F5-ACF0-54FC7DE84F27}.Release|x64.ActiveCfg = Release|x64
		{F0EC7A08-DA86-46F5-ACF0-54FC7DE84F27}.Release|x64.Build.0 = Release|x64
		{F0EC7A08-DA86-46F5-ACF0-54FC7DE84F27}.Release|x86.ActiveCfg = Release|Win32
		{F0EC7A08-DA86-46F5-ACF0-54FC7DE84F27}.Release|x86.Build.0 = Release|Win32
		{6653A6E0-29D8-4AA5-9B27-525FE09CC183}.Debug|x64.ActiveCfg = Debug|x64
		{6653A6E0-29D8-4AA5-9B27-525FE09CC183}.Debug|x64.Build.0 = Debug|x64
		{6653A6E0-29D8-4AA5-9B27-525FE09CC183}.Debug|x86.ActiveCfg = Debug|Win32
		{6653A6E0-29D8-4AA5-9B27-525FE09CC183}.Debug|x86.Build.0 = Debug|Win32
		{6653A6E0-29D8-4AA5-9B27-525FE09CC183}.Release|x64.ActiveCfg = Release|x64
		{6653A6E0-29D8-4AA5-9B27-525FE09CC183}.Release|x64.Build.0 = Release|x64
		{6653A6E0-29D8-4AA5-9B27-525FE09CC183}.Release|x86.ActiveCfg = Release|Win32
		{6653A6E0-29D8-4AA5-9B27-525FE09CC183}.Release|x86.Build.0 = Release|Win32
		{4487D4C2-5A03-4E63-B693-9F0E3A79F0E8}.Debug|x64.ActiveCfg = Debug|x64
		{4487D4C2-5A03-4E63-B693-9F0E3A79F0E8}.Debug|x64.Build.0 = Debug|x64
		{4487D4C2-5A03-4E63-B693-9F0E3A79F0E8}.Debug|x86.ActiveCfg = Debug|Win32
		{4487D4C2-5A03-4E63-B693-9F0E3A79F0E8}.Debug|x86.Build.0 = Debug|Win32
		{4487D4C2-5A03-4E63-B693-9F0E3A79F0E8}.Release|x64.ActiveCfg = Release|x64
		{4487D4C2-5A03-4E63-B693-9F0E3A79F0E8}.Release|x64.Build.0 = Release|x64
		{4487D4C2-5A03-4E63-B693-9F0E3A79F0E8}.Release|x86.ActiveCfg = Release|Win32
		{4487D4C2-5A03-4E63-B693-9F0E3A79F0E8}.Release|x86.Build.0 = Release|Win32
		{9113D561-F5C5-4DFF-8458-44BA558C2EF5}.Debug|x64.ActiveCfg = Debug|x64
		{9113D561-F5C5-4DFF-8458-44BA558C2EF5}.Debug|x64.Build.0 = Debug|x64
		{9113D561-F5C5-4DFF-8458-44BA558C2EF5}.Debug|x86.ActiveCfg = Debug|Win32
		{9113D561-F5C5-4DFF-8458-44BA558C2EF5}.Debug|x86.Build.0 = Debug|Win32
		{9113D561-F5C5-4DFF-8458-44BA558C2EF5}.Release|x64.ActiveCfg = Release|x64
		{9113D561-F5C5-4DFF-8458-44BA558C2EF5}.Release|x64.Build.0 = Release|x64
		{9113D561-F5C5-4DFF-8458-44BA558C2EF5}.Release|x86.ActiveCfg = Release|Win32
		{9113D561-F5C5-4DFF-8458-44BA558C2EF5}.Release|x86.Build.0 = Release|Win32
		{98C7F734-8871-4446-BD0C-F436D5240364}.Debug|x64.ActiveCfg = Debug|x64
		{98C7F734-8871-4446-BD0C-F436D5240364}.Debug|x64.Build.0 = Debug|x64
		{98C7F734-8871-4446-BD0C-F436D5240364}.Debug|x86.ActiveCfg = Debug|Win32
		{98C7F734-8871-4446-BD0C-F436D5240364}.Debug|x86.Build.0 = Debug|Win32
		{98C7F734-8871-4446-BD0C-F436D5240364}.Release|x64.ActiveCfg = Release|x64
		{98C7F734-8871-4446-BD0C-F436D5240364}.Release|x64.Build.0 = Release|x64
		{98C7F734-8871-4446-BD0C-F436D5240364}.Release|x86.ActiveCfg = Release|Win32
		{98C7F734-8871-4446-BD0C-F436D5240364}.Release|x86.Build.0 = Release|Win32
		{774A4F41-BD4D-4BE4-ADA3-3543C628F0B4}.Debug|x64.ActiveCfg = Debug|x64
		{774A4F41-BD4D-4BE4-ADA3-3543C628F0B4}.Debug|x64.Build.0 = Debug|x64
		{774A4F41-BD4D-4BE4-ADA3-3543C628F0B4}.Debug|x86.ActiveCfg = Debug|Win32
		{774A4F41-BD4D-4BE4-ADA3-3543C628F0B4}.Debug|x86.Build.0 = Debug|Win32
		{774A4F41-BD4D-4BE4-ADA3-3543C628F0B4}.Release|x64.ActiveCfg = Release|x64
		{774A4F41-BD4D-4BE4-ADA3-3543C628F0B4}.Release|x64.Build.0 = Release|x64
		{774A4F41-BD4D-4BE4-ADA3-3543C628F0B4}.Release|x86.ActiveCfg = Release|Win32
		{774A4F41-BD4D-4BE4-ADA3-3543C628F0B4}.Release|x86.Build.0 = Release|Win32
		{1AC8C93B-313C-4739-8984-90A93D1F3302}.Debug|x64.ActiveCfg = Debug|x64
		{1AC8C93B-313C-4739-8984-90A93D1F3302}.Debug|x64.Build.0 = Debug|x64
		{1AC8C93B-313C-4739-8984-90A93D1F3302}.Debug|x86.ActiveCfg = Debug|Win32
		{1AC8C93B-313C-4739-8984-90A93D1F3302}.Debug|x86.Build.0 = Debug|Win32
		{1AC8C93B-313C-4739-8984-90A93D1F3302}.Release|x64.ActiveCfg = Release|x64
		{1AC8C93B-313C-4739-8984-90A93D1F3302}.Release|x64.Build.0 = Release|x64
		{1AC8C93B-313C-4739-8984-90A93D1F3302}.Release|x86.ActiveCfg = Release|Win32
		{1AC8C93B-313C-4739-8984-90A93D1F3302}.Release|x86.Build.0 = Release|Win32
		{FF4979F9-ABB1-437D-80F5-1A721981A123}.Debug|x64.ActiveCfg = Debug|x64
		{FF4979F9-ABB1-437D-80F5-1A721981A123}.Debug|x64.Build.0 = Debug|x64
		{FF4979F9-ABB1-437D-80F5-1A721981A123}.Debug|x86.ActiveCfg = Debug|Win32
		{FF4979F9-ABB1-437D-80F5-1A721981A123}.Debug|x86.Build.0 = Debug|Win32
		{FF4979F9-ABB1-437D-80F5-1A721981A123}.Release|x64.ActiveCfg = Release|x64
		{FF4979F9-ABB1-437D-80F5-1A721981A123}.Release|x64.Build.0 = Release|x64
		{FF4979F9-ABB1-437D-80F5-1A721981A123}.Release|x86.ActiveCfg = Release|Win32
		{FF4979F9-ABB1-437D-80F5-1A721981A123}.Release|x86.Build.0 = Release|Win32
		{7BB9AD38-D63E-4305-BB51-3D7B32F34DF5}.Debug|x64.ActiveCfg = Debug|x64
		{7BB9AD38-D63E-4305-BB51-3D7B32F34DF5}.Debug|x64.Build.0 = Debug|x64
		{7BB9AD38-D63E-4305-BB51-3D7B32F34DF5}.Debug|x86.ActiveCfg = Debug|Win32
		{7BB9AD38-D63E-4305-BB51-3D7B32F34DF5}.Debug|x86.Build.0 = Debug|Win32
		{7BB9AD38-D63E-4305-BB51-3D7B32F34DF5}.Release|x64.ActiveCfg = Release|x64
		{7BB9AD38-D63E-4305-BB51-3D7B32F34DF5}.Release|x64.Build.0 = Release|x64
		{7BB9AD38-D63E-4305-BB51-3D7B32F34DF5}.Release|x86.ActiveCfg = Release|Win32
		{7BB9AD38-D63E-4305-BB51-3D7B32F34DF5}.Release|x86.Build.0 = Release|Win32
		{08201AA7-8DDA-4A55-9D5D-CDA5E47CD765}.Debug|x64.ActiveCfg = Debug|x64
		{08201AA7-8DDA-4A55-9D5D-CDA5E47CD765}.Debug|x64.Build.0 = Debug|x64
		{08201AA7-8DDA-4A55-9D5D-CDA5E47CD765}.Debug|x86.ActiveCfg = Debug|Win32
		{08201AA7-8DDA-4A55-9D5D-CDA5E47CD765}.Debug|x86.Build.0 = Debug|Win32
		{08201AA7-8DDA-4A55-9D5D-CDA5E47CD765}.Release|x64.ActiveCfg = Release|x64
		{08201AA7-8DDA-4A55-9D5D-CDA5E47CD765}.Release|x64.Build.0 = Release|x64
		{08201AA7-8DDA-4A55-9D5D-CDA5E47CD765}.Release|x86.ActiveCfg = Release|Win32
		{08201AA7-8DDA-4A55-9D5D-CDA5E47CD765}.Release|x86.Build.0 = Release|Win32
		{113333FE-730A-4BDA-9F96-AA2F6464B0DD}.Debug|x64.ActiveCfg = Debug|x64
		{113333FE-730A-4BDA-9F96-AA2F6464B0DD}.Debug|x64.Build.0 = Debug|x64
		{113333FE-730A-4BDA-9F96-AA2F6464B0DD}.Debug|x86.ActiveCfg = Debug|Win32
		{113333FE-730A-4BDA-9F96-AA2F6464B0DD}.Debug|x86.Build.0 = Debug|Win32
		{113333FE-730A-4BDA-9F96-AA2F6464B0DD}.Release|x64.ActiveCfg = Release|x64
		{113333FE-730A-4BDA-9F96-AA2F6464B0DD}.Release|x64.Build.0 = Release|x64
		{113333FE-730A-4BDA-9F96-AA2F6464B0DD}.Release|x86.ActiveCfg = Release|Win32
		{113333FE-730A-4BDA-9F96-AA2F6464B0DD}.Release|x86.Build.0 = Release|Win32
		{D6745D5E-8B04-4770-8AEF-BE27003982CD}.Debug|x64.ActiveCfg = Debug|x64
		{D6745D5E-8B04-4770-8AEF-BE27003982CD}.Debug|x64.Build.0 = Debug|x64
		{D6745D5E-8B04-4770-8AEF-BE27003982CD}.Debug|x86.ActiveCfg = Debug|Win32
		{D6745D5E-8B04-4770-8AEF-BE27003982CD}.Debug|x86.Build.0 = Debug|Win32
		{D6745D5E-8B04-4770-8AEF-BE27003982CD}.Release|x64.ActiveCfg = Release|x64
		{D6745D5E-8B04-4770-8AEF-BE27003982CD}.Release|x64.Build.0 = Release|x64
		{D6745D5E-8B04-4770-8AEF-BE27003982CD}.Release|x86.ActiveCfg = Release|Win32
		{D6745D5E-8B04-4770-8AEF-BE27003982CD}.Release|x86.Build.0 = Release|Win32
		{AC591B45-1D65-4B7B-9DBC-7A441E55CF1A}.Debug|x64.ActiveCfg = Debug|x64
		{AC591B45-1D65-4B7B-9DBC-7A441E55CF1A}.Debug|x64.Build.0 = Debug|x64
		{AC591B45-1D65-4B7B-9DBC-7A441E55CF1A}.Debug|x86.ActiveCfg = Debug|Win32
		{AC591B45-1D65-4B7B-9DBC-7A441E55CF1A}.Debug|x86.Build.0 = Debug|Win32
		{AC591B45-1D65-4B7B-9DBC-7A441E55CF1A}.Release|x64.ActiveCfg = Release|x64
		{AC591B45-1D65-4B7B-9DBC-7A441E55CF1A}.Release|x64.Build.0 = Release|x64
		{AC591B45-1D65-4B7B-9DBC-7A441E55CF1A}.Release|x86.ActiveCfg = Release|Win32
		{AC591B45-1D65-4B7B-9DBC-7A441E55CF1A}.Release|x86.Build.0 = Release|Win32
		{5002BAB5-B271-4F4B-BBD5-CFC4449CEC09}.Debug|x64.ActiveCfg = Debug|x64
		{5002BAB5-B271-4F4B-BBD5-CFC4449CEC09}.Debug|x64.Build.0 = Debug|x64
		{5002BAB5-B271-4F4B-BBD5-CFC4449CEC09}.Debug|x86.ActiveCfg = Debug|Win32
		{5002BAB5-B271-4F4B-BBD5-CFC4449CEC09}.Debug|x86.Build.0 = Debug|Win32
		{5002BAB5-B271-4F4B-BBD5-CFC4449CEC09}.Release|x64.ActiveCfg = Release|x64
		{5002BAB5-B271-4F4B-BBD5-CFC4449CEC09}.Release|x64.Build.0 = Release|x64
		{5002BAB5-B271-4F4B-BBD5-CFC4449CEC09}.Release|x86.ActiveCfg = Release|Win32
		{5002BAB5-B271-4F4B-BBD5-CFC4449CEC09}.Release|x86.Build.0 = Release|Win32
		{203DB19F-3170-4144-863F-C8E27F5CA5FA}.Debug|x64.ActiveCfg = Debug|x64
		{203DB19F-3170-4144-863F-C8E27F5CA5FA}.Debug|x64.Build.0 = Debug|x64
		{203DB19F-3170-4144-863F-C8E27F5CA5FA}.Debug|x86.ActiveCfg = Debug|Win32
		{203DB19F-3170-4144-863F-C8E27F5CA5FA}.Debug|x86.Build.0 = Debug|Win32
		{203DB19F-3170-4144-863F-C8E27F5CA5FA}.Release|x64.ActiveCfg = Release|x64
		{203DB19F-3170-4144-863F-C8E27F5CA5FA}.Release|x64.Build.0 = Release|x64
		{203DB19F-3170-4144-863F-C8E27F5CA5FA}.Release|x86.ActiveCfg = Release|Win32
		{203DB19F-3170-4144-863F-C8E27F5CA5FA}.Release|x86.Build.0 = Release|Win32
		{100D9601-32BE-43B6-A6D2-F312ADCBDAB4}.Debug|x64.ActiveCfg = Debug|x64
		{100D9601-32BE-43B6-A6D2-F312ADCBDAB4}.Debug|x64.Build.0 = Debug|x64
		{100D9601-32BE-43B6-A6D2-F312ADCBDAB4}.Debug|x86.ActiveCfg = Debug|Win32
		{100D9601-32BE-43B6-A6D2-F312ADCBDAB4}.Debug|x86.Build.0 = Debug|Win32
		{100D9601-32BE-43B6-A6D2-F312ADCBDAB4}.Release|x64.ActiveCfg = Release|x64
		{100D9601-32BE-43B6-A6D2-F312ADCBDAB4}.Release|x64.Build.0 = Release|x64
		{100D9601-32BE-43B6-A6D2-F312ADCBDAB4}.Release|x86.ActiveCfg = Release|Win32
		{100D9601-32BE-43B6-A6D2-F312ADCBDAB4}.Release|x86.Build.0 = Release|Win32
		{A4387C1B-FC6F-42BB-B94F-D0CDE7A63548}.Debug|x64.ActiveCfg = Debug|x64
		{A4387C1B-FC6F-42BB-B94F-D0CDE7A63548}.Debug|x64.Build.0 = Debug|x64
		{A4387C1B-FC6F-42BB-B94F-D0CDE7A63548}.Debug|x86.ActiveCfg = Debug|Win32
		{A4387C1B-FC6F-42BB-B94F-D0CDE7A63548}.Debug|x86.Build.0 = Debug|Win32
		{A4387C1B-FC6F-42BB-B94F-D0CDE7A63548}.Release|x64.ActiveCfg = Release|x64
		{A4387C1B-FC6F-42BB-B94F-D0CDE7A63548}.Release|x64.Build.0 = Release|x64
		{A4387C1B-FC6F-42BB-B94F-D0CDE7A63548}.Release|x86.ActiveCfg = Release|Win32
		{A4387C1B-FC6F-42BB-B94F-D0CDE7A63548}.Release|x86.Build.0 = Release|Win32
		{B55D185F-52CC-492F-836A-D9A6BE758063}.Debug|x64.ActiveCfg = Debug|x64
		{B55D185F-52CC-492F-836A-D9A6BE758063}.Debug|x64.Build.0 = Debug|x64
		{B55D185F-52CC-492F-836A-D9A6BE758063}.Debug|x86.ActiveCfg = Debug|Win32
		{B55D185F-52CC-492F-836A-D9A6BE758063}.Debug|x86.Build.0 = Debug|Win32
		{B55D185F-52CC-492F-836A-D9A6BE758063}.Release|x64.ActiveCfg = Release|x64
		{B55D185F-52CC-492F-836A-D9A6BE758063}.Release|x64.Build.0 = Release|x64
		{B55D185F-52CC-492F-836A-D9A6BE758063}.Release|x86.ActiveCfg = Release|Win32
		{B55D185F-52CC-492F-836A-D9A6BE758063}.Release|x86.Build.0 = Release|Win32
		{3AE0948C-5FB5-4412-918F-BFCFCF293428}.Debug|x64.ActiveCfg = Debug|x64
		{3AE0948C-5FB5-4412-918F-BFCFCF293428}.Debug|x64.Build.0 = Debug|x64
		{3AE0948C-5FB5-4412-918F-BFCFCF293428}.Debug|x86.ActiveCfg = Debug|Win32
		{3AE0948C-5FB5-4412-918F-BFCFCF293428}.Debug|x86.Build.0 = Debug|Win32
		{3AE0948C-5FB5-4412-918F-BFCFCF293428}.Release|x64.ActiveCfg = Release|x64
		{3AE0948C-5FB5-4412-918F-BFCFCF293428}.Release|x64.Build.0 = Release|x64
		{3AE0948C-5FB5-4412-918F-BFCFCF293428}.Release|x86.ActiveCfg = Release|Win32
		{3AE0948C-5FB5-4412-918F-BFCFCF293428}.Release|x86.Build.0 = Release|Win32
		{D89A4FCC-6FC5-4138-9436-3EDD1079B585}.Debug|x64.ActiveCfg = Debug|x64
		{D89A4FCC-6FC5-4138-9436-3EDD1079B585}.Debug|x64.Build.0 = Debug|x64
		{D89A4FCC-6FC5-4138-9436-3EDD1079B585}.Debug|x86.ActiveCfg = Debug|Win32
		{D89A4FCC-6FC5-4138-9436-3EDD1079B585}.Debug|x86.Build.0 = Debug|Win32
		{D89A4FCC-6FC5-4138-9436-3EDD1079B585}.Release|x64.ActiveCfg = Release|x64
		{D89A4FCC-6FC5-4138-9436-3EDD1079B585}.Release|x64.Build.0 = Release|x64
		{D89A4FCC-6FC5-4138-9436-3EDD1079B585}.Release|x86.ActiveCfg = Release|Win32
		{D89A4FCC-6FC5-4138-9436-3EDD1079B585}.Release|x86.Build.0 = Release|Win32
		{7DCE2695-4C64-409C-A08B-B6E348358D16}.Debug|x64.ActiveCfg = Debug|x64
		{7DCE2695-4C64-409C-A08B-B6E348358D16}.Debug|x64.Build.0 = Debug|x64
		{7DCE2695-4C64-409C-A08B-B6E348358D16}.Debug|x86.ActiveCfg = Debug|Win32
		{7DCE2695-4C64-409C-A08B-B6E348358D16}.Debug|x86.Build.0 = Debug|Win32
		{7DCE2695-4C64-409C-A08B-B6E348358D16}.Release|x64.ActiveCfg = Release|x64
		{7DCE2695-4C64-409C-A08B-B6E348358D16}.Release|x64.Build.0 = Release|x64
		{7DCE2695-4C64-409C-A08B-B6E348358D16}.Release|x86.ActiveCfg = Release|Win32
		{7DCE2695-4C64-409C-A08B-B6E348358D16}.Release|x86.Build.0 = Release|Win32
		{E9CD7823-0C2E-457F-8C73-771F5D86E393}.Debug|x64.ActiveCfg = Debug|x64
		{E9CD7823-0C2E-457F-8C73-771F5D86E393}.Debug|x64.Build.0 = Debug|x64
		{E9CD7823-0C2E-457F-8C73-771F5D86E393}.Debug|x86.ActiveCfg = Debug|Win32
		{E9CD7823-0C2E-457F-8C73-771F5D86E393}.Debug|x86.Build.0 = Debug|Win32
		{E9CD7823-0C2E-457F-8C73-771F5D86E393}.Release|x64.ActiveCfg = Release|x64
		{E9CD7823-0C2E-457F-8C73-771F5D86E393}.Release|x64.Build.0 = Release|x64
		{E9CD7823-0C2E-457F-8C73-771F5D86E393}.Release|x86.ActiveCfg = Release|Win32
		{E9CD7823-0C2E-457F-8C73-771F5D86E393}.Release|x86.Build.0 = Release|Win32
		{931F4AAF-08D1-4BB7-AB21-2D9EC02984BE}.Debug|x64.ActiveCfg = Debug|x64
		{931F4AAF-08D1-4BB7-AB21-2D9EC02984BE}.Debug|x64.Build.0 = Debug|x64
		{931F4AAF-08D1-4BB7-AB21-2D9EC02984BE}.Debug|x86.ActiveCfg = Debug|Win32
		{931F4AAF-08D1-4BB7-AB21-2D9EC02984BE}.Debug|x86.Build.0 = Debug|Win32
		{931F4AAF-08D1-4BB7-AB21-2D9EC02984BE}.Release|x64.ActiveCfg = Release|x64
		{931F4AAF-08D1-4BB7-AB21-2D9EC02984BE}.Release|x64.Build.0 = Release|x64
		{931F4AAF-08D1-4BB7-AB21-2D9EC02984BE}.Release|x86.ActiveCfg = Release|Win32
		{931F4AAF-08D1-4BB7-AB21-2D9EC02984BE}.Release|x86.Build.0 = Release|Win32
		{2B487CE8-B86B-498E-8295-AE355D9819D8}.Debug|x64.ActiveCfg = Debug|x64
		{2B487CE8-B86B-498E-8295-AE355D9819D8}.Debug|x64.Build.0 = Debug|x64
		{2B487CE8-B86B-498E-8295-AE355D9819D8}.Debug|x86.ActiveCfg = Debug|Win32
		{2B487CE8-B86B-498E-8295-AE355D9819D8}.Debug|x86.Build.0 = Debug|Win32
		{2B487CE8-B86B-498E-8295-AE355D9819D8}.Release|x64.ActiveCfg = Release|x64
		{2B487CE8-B86B-498E-8295-AE355D9819D8}.Release|x64.Build.0 = Release|x64
		{2B487CE8-B86B-498E-8295-AE355D9819D8}.Release|x86.ActiveCfg = Release|Win32
		{2B487CE8-B86B-498E-8295-AE355D9819D8}.Release|x86.Build.0 = Release|Win32
		{0A8DE5B6-0A91-4492-AF4E-9F7ADF1BC919}.Debug|x64.ActiveCfg = Debug|x64
		{0A8DE5B6-0A91-4492-AF4E-9F7ADF1BC919}.Debug|x64.Build.0 = Debug|x64
		{0A8DE5B6-0A91-4492-AF4E-9F7ADF1BC919}.Debug|x86.ActiveCfg = Debug|Win32
		{0A8DE5B6-0A91-4492-AF4E-9F7ADF1BC919}.Debug|x86.Build.0 = Debug|Win32
		{0A8DE5B6-0A91-4492-AF4E-9F7ADF1BC919}.Release|x64.ActiveCfg = Release|x64
		{0A8DE5B6-0A91-4492-AF4E-9F7ADF1BC919}.Release|x64.Build.0 = Release|x64
		{0A8DE5B6-0A91-4492-AF4E-9F7ADF1BC919}.Release|x86.ActiveCfg = Release|Win32
		{0A8DE5B6-0A91-4492-AF4E-9F7ADF1BC919}.Release|x86.Build.0 = Release|Win32
		{9DEF9DCB-8CB4-4591-83CF-91A3238FF67B}.Debug|x64.ActiveCfg = Debug|x64
		{9DEF9DCB-8CB4-4591-83CF-91A3238FF67B}.Debug|x64.Build.0 = Debug|x64
		{9DEF9DCB-8CB4-4591-83CF-91A3238FF67B}.Debug|x86.ActiveCfg = Debug|Win32
		{9DEF9DCB-8CB4-4591-83CF-91A3238FF67B}.Debug|x86.Build.0 = Debug|Win32
		{9DEF9DCB-8CB4-4591-83CF-91A3238FF67B}.Release|x64.ActiveCfg = Release|x64
		{9DEF9DCB-8CB4-4591-83CF-91A3238FF67B}.Release|x64.Build.0 = Release|x64
		{9DEF9DCB-8CB4-4591-83CF-91A3238FF67B}.Release|x86.ActiveCfg = Release|Win32
		{9DEF9DCB-8CB4-4591-83CF-91A3238FF67B}.Release|x86.Build.0 = Release|Win32
		{019E661A-26EC-48D3-985A-5879F4EF65D5}.Debug|x64.ActiveCfg = Debug|x64
		{019E661A-26EC-48D3-985A-5879F4EF65D5}.Debug|x64.Build.0 = Debug|x64
		{019E661A-26EC-48D3-985A-5879F4EF65D5}.Debug|x86.ActiveCfg = Debug|Win32
		{019E661A-26EC-48D3-985A-5879F4EF65D5}.Debug|x86.Build.0 = Debug|Win32
		{019E661A-26EC-48D3-985A-5879F4EF65D5}.Release|x64.ActiveCfg = Release|x64
		{019E661A-26EC-48D3-985A-5879F4EF65D5}.Release|x64.Build.0 = Release|x64
		{019E661A-26EC-48D3-985A-5879F4EF65D5}.Release|x86.ActiveCfg = Release|Win32
		{019E661A-26EC-48D3-985A-5879F4EF65D5}.Release|x86.Build.0 = Release|Win32
		{542AB1D0-38FC-4B81-BE3C-556CC1099467}.Debug|x64.ActiveCfg = Debug|x64
		{542AB1D0-38FC-4B81-BE3C-556CC1099467}.Debug|x64.Build.0 = Debug|x64
		{542AB1D0-38FC-4B81-BE3C-556CC1099467}.Debug|x86.ActiveCfg = Debug|Win32
		{542AB1D0-38FC-4B81-BE3C-556CC1099467}.Debug|x86.Build.0 = Debug|Win32
		{542AB1D0-38FC-4B81-BE3C-556CC1099467}.Release|x64.ActiveCfg = Release|x64
		{542AB1D0-38FC-4B81-BE3C-556CC1099467}.Release|x64.Build.0 = Release|x64
		{542AB1D0-38FC-4B81-BE3C-556CC1099467}.Release|x86.ActiveCfg = Release|Win32
		{542AB1D0-38FC-4B81-BE3C-556CC1099467}.Release|x86.Build.0 = Release|Win32
		{99A7AC2E-02CB-473A-A3FB-94D57AE05919}.Debug|x64.ActiveCfg = Debug|x64
		{99A7AC2E-02CB-473A-A3FB-94D57AE05919}.Debug|x64.Build.0 = Debug|x64
		{99A7AC2E-02CB-473A-A3FB-94D57AE05919}.Debug|x86.ActiveCfg = Debug|Win32
		{99A7AC2E-02CB-473A-A3FB-94D57AE05919}.Debug|x86.Build.0 = Debug|Win32
		{99A7AC2E-02CB-473A-A3FB-94D57AE05919}.Release|x64.ActiveCfg = Release|x64
		{99A7AC2E-02CB-473A-A3FB-94D57AE05919}.Release|x64.Build.0 = Release|x64
		{99A7AC2E-02CB-473A-A3FB-94D57AE05919}.Release|x86.ActiveCfg = Release|Win32
		{99A7AC2E-02CB-473A-A3FB-94D57AE05919}.Release|x86.Build.0 = Release|Win32
		{DE0D26F6-F6A2-4829-9052-1FB276CE1865}.Debug|x64.ActiveCfg = Debug|x64
		{DE0D26F6-F6A2-4829-9052-1FB276CE1865}.Debug|x64.Build.0 = Debug|x64
		{DE0D26F6-F6A2-4829-9052-1FB276CE1865}.Debug|x86.ActiveCfg = Debug|Win32
		{DE0D26F6-F6A2-4829-9052-1FB276CE1865}.Debug|x86.Build.0 = Debug|Win32
		{DE0D26F6-F6A2-4829-9052-1FB276CE1865}.Release|x64.ActiveCfg = Release|x64
		{DE0D26F6-F6A2-4829-9052-1FB276CE1865}.Release|x64.Build.0 = Release|x64
		{DE0D26F6-F6A2-4829-9052-1FB276CE1865}.Release|x86.ActiveCfg = Release|Win32
		{DE0D26F6-F6A2-4829-9052-1FB276CE1865}.Release|x86.Build.0 = Release|Win32
		{2A77C0E2-F209-4C09-8AEC-299DD1800E84}.Debug|x64.ActiveCfg = Debug|x64
		{2A77C0E2-F209-4C09-8AEC-299DD1800E84}.Debug|x64.Build.0 = Debug|x64
		{2A77C0E2-F209-4C09-8AEC-299DD1800E84}.Debug|x86.ActiveCfg = Debug|Win32
		{2A77C0E2-F209-4C09-8AEC-299DD1800E84}.Debug|x86.Build.0 = Debug|Win32
		{2A77C0E2-F209-4C09-8AEC-299DD1800E84}.Release|x64.ActiveCfg = Release|x64
		{2A77C0E2-F209-4C09-8AEC-299DD1800E84}.Release|x64.Build.0 = Release|x64
		{2A77C0E2-F209-4C09-8AEC-299DD1800E84}.Release|x86.ActiveCfg = Release|Win32
		{2A77C0E2-F209-4C09-8AEC-299DD1800E84}.Release|x86.Build.0 = Release|Win32
		{27192E3B-D596-473D-ABB6-60A2D718BB06}.Debug|x64.ActiveCfg = Debug|x64
		{27192E3B-D596-473D-ABB6-60A2D718BB06}.Debug|x64.Build.0 = Debug|x64
		{27192E3B-D596-473D-ABB6-60A2D718BB06}.Debug|x86.ActiveCfg = Debug|Win32
		{27192E3B-D596-473D-ABB6-60A2D718BB06}.Debug|x86.Build.0 = Debug|Win32
		{27192E3B-D596-473D-ABB6-60A2D718BB06}.Release|x64.ActiveCfg = Release|x64
		{27192E3B-D596-473D-ABB6-60A2D718BB06}.Release|x64.Build.0 = Release|x64
		{27192E3B-D596-473D-ABB6-60A2D718BB06}.Release|x86.ActiveCfg = Release|Win32
		{27192E3B-D596-473D-ABB6-60A2D718BB06}.Release|x86.Build.0 = Release|Win32
		{FF9B3CD7-D1D3-4676-8B4F-C0492677847C}.Debug|x64.ActiveCfg = Debug|x64
		{FF9B3CD7-D1D3-4676-8B4F-C0492677847C}.Debug|x64.Build.0 = Debug|x64
		{FF9B3CD7-D1D3-4676-8B4F-C0492677847C}.Debug|x86.ActiveCfg = Debug|Win32
		{FF9B3CD7-D1D3-4676-8B4F-C0492677847C}.Debug|x86.Build.0 = Debug|Win32
		{FF9B3CD7-D1D3-4676-8B4F-C0492677847C}.Release|x64.ActiveCfg = Release|x64
		{FF9B3CD7-D1D3-4676-8B4F-C0492677847C}.Release|x64.Build.0 = Release|x64
		{FF9B3CD7-D1D3-4676-8B4F-C0492677847C}.Release|x86.ActiveCfg = Release|Win32
		{FF9B3CD7-D1D3-4676-8B4F-C0492677847C}.Release|x86.Build.0 = Release|Win32
		{7C645BE0-6E3A-40AD-9B7D-EEE0666D9509}.Debug|x64.ActiveCfg = Debug|x64
		{7C645BE0-6E3A-40AD-9B7D-EEE0666D9509}.Debug|x64.Build.0 = Debug|x64
		{7C645BE0-6E3A-40AD-9B7D-EEE0666D9509}.Debug|x86.ActiveCfg = Debug|Win32
		{7C645BE0-6E3A-40AD-9B7D-EEE0666D9509}.Debug|x86.Build.0 = Debug|Win32
		{7C645BE0-6E3A-40AD-9B7D-EEE0666D9509}.Release|x64.ActiveCfg = Release|x64
		{7C645BE0-6E3A-40AD-9B7D-EEE0666D9509}.Release|x64.Build.0 = Release|x64
		{7C645BE0-6E3A-40AD-9B7D-EEE0666D9509}.Release|x86.ActiveCfg = Release|Win32
		{7C645BE0-6E3A-40AD-9B7D-EEE0666D9509}.Release|x86.Build.0 = Release|Win32
		{FA86EB80-F582-4A7D-9710-0D9A925B9C4E}.Debug|x64.ActiveCfg = Debug|x64
		{FA86EB80-F582-4A7D-9710-0D9A925B9C4E}.Debug|x64.Build.0 = Debug|x64
		{FA86EB80-F582-4A7D-9710-0D9A925B9C4E}.Debug|x86.ActiveCfg = Debug|Win32
		{FA86EB80-F582-4A7D-9710-0D9A925B9C4E}.Debug|x86.Build.0 = Debug|Win32
		{FA86EB80-F582-4A7D-9710-0D9A925B9C4E}.Release|x64.ActiveCfg = Release|x64
		{FA86EB80-F582-4A7D-9710-0D9A925B9C4E}.Release|x64.Build.0 = Release|x64
		{FA86EB80-F582-4A7D-9710-0D9A925B9C4E}.Release|x86.ActiveCfg = Release|Win32
		{FA86EB80-F582-4A7D-9710-0D9A925B9C4E}.Release|x86.Build.0 = Release|Win32
		{0240A580-54E0-409E-A5F0-BF10DAFB3F2E}.Debug|x64.ActiveCfg = Debug|x64
		{0240A580-54E0-409E-A5F0-BF10DAFB3F2E}.Debug|x64.Build.0 = Debug|x64
		{0240A580-54E0-409E-A5F0-BF10DAFB3F2E}.Debug|x86.ActiveCfg = Debug|Win32
		{0240A580-54E0-409E-A5F0-BF10DAFB3F2E}.Debug|x86.Build.0 = Debug|Win32
		{0240A580-54E0-409E-A5F0-BF10DAFB3F2E}.Release|x64.ActiveCfg = Release|x64
		{0240A580-54E0-409E-A5F0-BF10DAFB3F2E}.Release|x64.Build.0 = Release|x64
		{0240A580-54E0-409E-A5F0-BF10DAFB3F2E}.Release|x86.ActiveCfg = Release|Win32
		{0240A580-54E0-409E-A5F0-BF10DAFB3F2E}.Release|x86.Build.0 = Release|Win32
		{A7673722-ED88-4EAC-89C5-E2541B539439}.Debug|x64.ActiveCfg = Debug|x64
		{A7673722-ED88-4EAC-89C5-E2541B539439}.Debug|x64.Build.0 = Debug|x64
		{A7673722-ED88-4EAC-89C5-E2541B539439}.Debug|x86.ActiveCfg = Debug|Win32
		{A7673722-ED88-4EAC-89C5-E2541B539439}.Debug|x86.Build.0 = Debug|Win32
		{A7673722-ED88-4EAC-89C5-E2541B539439}.Release|x64.ActiveCfg = Release|x64
		{A7673722-ED88-4EAC-89C5-E2541B539439}.Release|x64.Build.0 = Release|x64
		{A7673722-ED88-4EAC-89C5-E2541B539439}.Release|x86.ActiveCfg = Release|Win32
		{A7673722-ED88-4EAC-89C5-E2541B539439}.Release|x86.Build.0 = Release|Win32
		{245929FD-E34C-4E18-A21C-59F4131BB34A}.Debug|x64.ActiveCfg = Debug|x64
		{245929FD-E34C-4E18-A21C-59F4131BB34A}.Debug|x64.Build.0 = Debug|x64
		{245929FD-E34C-4E18-A21C-59F4131BB34A}.Debug|x86.ActiveCfg = Debug|Win32
		{245929FD-E34C-4E18-A21C-59F4131BB34A}.Debug|x86.Build.0 = Debug|Win32
		{245929FD-E34C-4E18-A21C-59F4131BB34A}.Release|x64.ActiveCfg = Release|x64
		{245929FD-E34C-4E18-A21C-59F4131BB34A}.Release|x64.Build.0 = Release|x64
		{245929FD-E34C-4E18-A21C-59F4131BB34A}.Release|x86.ActiveCfg = Release|Win32
		{245929FD-E34C-4E18-A21C-59F4131BB34A}.Release|x86.Build.0 = Release|Win32
		{58FD0885-7D7F-4CD0-B9D3-19A648DDAB5D}.Debug|x64.ActiveCfg = Debug|x64
		{58FD0885-7D7F-4CD0-B9D3-19A648DDAB5D}.Debug|x64.Build.0 = Debug|x64
		{58FD0885-7D7F-4CD0-B9D3-19A648DDAB5D}.Debug|x86.ActiveCfg = Debug|Win32
		{58FD0885-7D7F-4CD0-B9D3-19A648DDAB5D}.Debug|x86.Build.0 = Debug|Win32
		{58FD0885-7D7F-4CD0-B9D3-19A648DDAB5D}.Release|x64.ActiveCfg = Release|x64
		{58FD0885-7D7F-4CD0-B9D3-19A648DDAB5D}.Release|x64.Build.0 = Release|x64
		{58FD0885-7D7F-4CD0-B9D3-19A648DDAB5D}.Release|x86.ActiveCfg = Release|Win32
		{58FD0885-7D7F-4CD0-B9D3-19A648DDAB5D}.Release|x86.Build.0 = Release|Win32
		{BC6E791A-4530-4A66-A26E-546BBB7EBC57}.Debug|x64.ActiveCfg = Debug|x64
		{BC6E791A-4530-4A66-A26E-546BBB7EBC57}.Debug|x64.Build.0 = Debug|x64
		{BC6E791A-4530-4A66-A26E-546BBB7EBC57}.Debug|x86.ActiveCfg = Debug|Win32
		{BC6E791A-4530-4A66-A26E-546BBB7EBC57}.Debug|x86.Build.0 = Debug|Win32
		{BC6E791A-4530-4A66-A26E-546BBB7EBC57}.Release|x64.ActiveCfg = Release|x64
		{BC6E791A-4530-4A66-A26E-546BBB7EBC57}.Release|x64.Build.0 = Release|x64
		{BC6E791A-4530-4A66-A26E-546BBB7EBC57}.Release|x86.ActiveCfg = Release|Win32
		{BC6E791A-4530-4A66-A26E-546BBB7EBC57}.Release|x86.Build.0 = Release|Win32
		{C6CCEDA4-2555-4BF8-98EC-D21736706631}.Debug|x64.ActiveCfg = Debug|x64
		{C6CCEDA4-2555-4BF8-98EC-D21736706631}.Debug|x64.Build.0 = Debug|x64
		{C6CCEDA4-2555-4BF8-98EC-D21736706631}.Debug|x86.ActiveCfg = Debug|Win32
		{C6CCEDA4-2555-4BF8-98EC-D21736706631}.Debug|x86.Build.0 = Debug|Win32
		{C6CCEDA4-2555-4BF8-98EC-D21736706631}.Release|x64.ActiveCfg = Release|x64
		{C6CCEDA4-2555-4BF8-98EC-D21736706631}.Release|x64.Build.0 = Release|x64
		{C6CCEDA4-2555-4BF8-98EC-D21736706631}.Release|x86.ActiveCfg = Release|Win32
		{C6CCEDA4-2555-4BF8-98EC-D21736706631}.Release|x86.Build.0 = Release|Win32
		{9C09E06F-6528-4065-AA9E-D9656E6A6379}.Debug|x64.ActiveCfg = Debug|x64
		{9C09E06F-6528-4065-AA9E-D9656E6A6379}.Debug|x64.Build.0 = Debug|x64
		{9C09E06F-6528-4065-AA9E-D9656E6A6379}.Debug|x86.ActiveCfg = Debug|Win32
		{9C09E06F-6528-4065-AA9E-D9656E6A6379}.Debug|x86.Build.0 = Debug|Win32
		{9C09E06F-6528-4065-AA9E-D9656E6A6379}.Release|x64.ActiveCfg = Release|x64
		{9C09E06F-6528-4065-AA9E-D9656E6A6379}.Release|x64.Build.0 = Release|x64
		{9C09E06F-6528-4065-AA9E-D9656E6A6379}.Release|x86.ActiveCfg = Release|Win32
		{9C09E06F-6528-4065-AA9E-D9656E6A6379}.Release|x86.Build.0 = Release|Win32
		{A709B9E1-ECC7-447C-87D3-652D88C028D1}.Debug|x64.ActiveCfg = Debug|x64
		{A709B9E1-ECC7-447C-87D3-652D88C028D1}.Debug|x64.Build.0 = Debug|x64
		{A709B9E1-ECC7-447C-87D3-652D88C028D1}.Debug|x86.ActiveCfg = Debug|Win32
		{A709B9E1-ECC7-447C-87D3-652D88C028D1}.Debug|x86.Build.0 = Debug|Win32
		{A709B9E1-ECC7-447C-87D3-652D88C028D1}.Release|x64.ActiveCfg = Release|x64
		{A709B9E1-ECC7-447C-87D3-652D88C028D1}.Release|x64.Build.0 = Release|x64
		{A709B9E1-ECC7-447C-87D3-652D88C028D1}.Release|x86.ActiveCfg = Release|Win32
		{A709B9E1-ECC7-447C-87D3-652D88C028D1}.Release|x86.Build.0 = Release|Win32
		{CA35B2F5-BA9E-403E-ABA6-8599594D9AD8}.Debug|x64.ActiveCfg = Debug|x64
		{CA35B2F5-BA9E-403E-ABA6-8599594D9AD8}.Debug|x64.Build.0 = Debug|x64
		{CA35B2F5-BA9E-403E-ABA6-8599594D9AD8}.Debug|x86.ActiveCfg = Debug|Win32
		{CA35B2F5-BA9E-403E-ABA6-8599594D9AD8}.Debug|x86.Build.0 = Debug|Win32
		{CA35B2F5-BA9E-403E-ABA6-8599594D9AD8}.Release|x64.ActiveCfg = Release|x64
		{CA35B2F5-BA9E-403E-ABA6-8599594D9AD8}.Release|x64.Build.0 = Release|x64
		{CA35B2F5-BA9E-403E-ABA6-8599594D9AD8}.Release|x86.ActiveCfg = Release|Win32
		{CA35B2F5-BA9E-403E-ABA6-8599594D9AD8}.Release|x86.Build.0 = Release|Win32
		{0AB70DF8-5741-461F-AB1B-86A348A3A7E9}.Debug|x64.ActiveCfg = Debug|x64
		{0AB70DF8-5741-461F-AB1B-86A348A3A7E9}.Debug|x64.Build.0 = Debug|x64
		{0AB70DF8-5741-461F-AB1B-86A348A3A7E9}.Debug|x86.ActiveCfg = Debug|Win32
		{0AB70DF8-5741-461F-AB1B-86A348A3A7E9}.Debug|x86.Build.0 = Debug|Win32
		{0AB70DF8-5741-461F-AB1B-86A348A3A7E9}.Release|x64.ActiveCfg = Release|x64
		{0AB70DF8-5741-461F-AB1B-86A348A3A7E9}.Release|x64.Build.0 = Release|x64
		{0AB70DF8-5741-461F-AB1B-86A348A3A7E9}.Release|x86.ActiveCfg = Release|Win32
		{0AB70DF8-5741-461F-AB1B-86A348A3A7E9}.Release|x86.Build.0 = Release|Win32
		{C6F5A9FA-893E-46F7-8C74-2A27C349925A}.Debug|x64.ActiveCfg = Debug|x64
		{C6F5A9FA-893E-46F7-8C74-2A27C349925A}.Debug|x64.Build.0 = Debug|x64
		{C6F5A9FA-893E-46F7-8C74-2A27C349925A}.Debug|x86.ActiveCfg = Debug|Win32
		{C6F5A9FA-893E-46F7-8C74-2A27C349925A}.Debug|x86.Build.0 = Debug|Win32
		{C6F5A9FA-893E-46F7-8C74-2A27C349925A}.Release|x64.ActiveCfg = Release|x64
		{C6F5A9FA-893E-46F7-8C74-2A27C349925A}.Release|x64.Build.0 = Release|x64
		{C6F5A9FA-893E-46F7-8C74-2A27C349925A}.Release|x86.ActiveCfg = Release|Win32
		{C6F5A9FA-893E-46F7-8C74-2A27C349925A}.Release|x86.Build.0 = Release|Win32
		{80E477DF-6BBB-42A9-AF79-6D1456B2E7C3}.Debug|x64.ActiveCfg = Debug|x64
		{80E477DF-6BBB-42A9-AF79-6D1456B2E7C3}.Debug|x64.Build.0 = Debug|x64
		{80E477DF-6BBB-42A9-AF79-6D1456B2E7C3}.Debug|x86.ActiveCfg = Debug|Win32
		{80E477DF-6BBB-42A9-AF79-6D1456B2E7C3}.Debug|x86.Build.0 = Debug|Win32
		{80E477DF-6BBB-42A9-AF79-6D1456B2E7C3}.Release|x64.ActiveCfg = Release|x64
		{80E477DF-6BBB-42A9-AF79-6D1456B2E7C3}.Release|x64.Build.0 = Release|x64
		{80E477DF-6BBB-42A9-AF79-6D1456B2E7C3}.Release|x86.ActiveCfg = Release|Win32
		{80E477DF-6BBB-42A9-AF79-6D1456B2E7C3}.Release|x86.Build.0 = Release|Win32
		{888316C4-B5AD-46BB-A0D5-BE457E985D87}.Debug|x64.ActiveCfg = Debug|x64
		{888316C4-B5AD-46BB-A0D5-BE457E985D87}.Debug|x64.Build.0 = Debug|x64
		{888316C4-B5AD-46BB-A0D5-BE457E985D87}.Debug|x86.ActiveCfg = Debug|Win32
		{888316C4-B5AD-46BB-A0D5-BE457E985D87}.Debug|x86.Build.0 = Debug|Win32
		{888316C4-B5AD-46BB-A0D5-BE457E985D87}.Release|x64.ActiveCfg = Release|x64
		{888316C4-B5AD-46BB-A0D5-BE457E985D87}.Release|x64.Build.0 = Release|x64
		{888316C4-B5AD-46BB-A0D5-BE457E985D87}.Release|x86.ActiveCfg = Release|Win32
		{888316C4-B5AD-46BB-A0D5-BE457E985D87}.Release|x86.Build.0 = Release|Win32
		{FE3710D3-C5C2-4F32-97A1-B83C877434CB}.Debug|x64.ActiveCfg = Debug|x64
		{FE3710D3-C5C2-4F32-97A1-B83C877434CB}.Debug|x64.Build.0 = Debug|x64
		{FE3710D3-C5C2-4F32-97A1-B83C877434CB}.Debug|x86.ActiveCfg = Debug|Win32
		{FE3710D3-C5C2-4F32-97A1-B83C877434CB}.Debug|x86.Build.0 = Debug|Win32
		{FE3710D3-C5C2-4F32-97A1-B83C877434CB}.Release|x64.ActiveCfg = Release|x64
		{FE3710D3-C5C2-4F32-97A1-B83C877434CB}.Release|x64.Build.0 = Release|x64
		{FE3710D3-C5C2-4F32-97A1-B83C877434CB}.Release|x86.ActiveCfg = Release|Win32
		{FE3710D3-C5C2-4F32-97A1-B83C877434CB}.Release|x86.Build.0 = Release|Win32
		{87C9CCD4-BF1A-435D-B492-3DDC76E95B76}.Debug|x64.ActiveCfg = Debug|x64
		{87C9CCD4-BF1A-435D-B492-3DDC76E95B76}.Debug|x64.Build.0 = Debug|x64
		{87C9CCD4-BF1A-435D-B492-3DDC76E95B76}.Debug|x86.ActiveCfg = Debug|Win32
		{87C9CCD4-BF1A-435D-B492-3DDC76E95B76}.Debug|x86.Build.0 = Debug|Win32
		{87C9CCD4-BF1A-435D-B492-3DDC76E95B76}.Release|x64.ActiveCfg = Release|x64
		{87C9CCD4-BF1A-435D-B492-3DDC76E95B76}.Release|x64.Build.0 = Release|x64
		{87C9CCD4-BF1A-435D-B492-3DDC76E95B76}.Release|x86.ActiveCfg = Release|Win32
		{87C9CCD4-BF1A-435D-B492-3DDC76E95B76}.Release|x86.Build.0 = Release|Win32
		{2F0605A0-CCD2-4B28-BA93-672E19350939}.Debug|x64.ActiveCfg = Debug|x64
		{2F0605A0-CCD2-4B28-BA93-672E19350939}.Debug|x64.Build.0 = Debug|x64
		{2F0605A0-CCD2-4B28-BA93-672E19350939}.Debug|x86.ActiveCfg = Debug|Win32
		{2F0605A0-CCD2-4B28-BA93-672E19350939}.Debug|x86.Build.0 = Debug|Win32
		{2F0605A0-CCD2-4B28-BA93-672E19350939}.Release|x64.ActiveCfg = Release|x64
		{2F0605A0-CCD2-4B28-BA93-672E19350939}.Release|x64.Build.0 = Release|x64
		{2F0605A0-CCD2-4B28-BA93-672E19350939}.Release|x86.ActiveCfg = Release|Win32
		{2F0605A0-CCD2-4B28-BA93-672E19350939}.Release|x86.Build.0 = Release|Win32
		{46BEC021-8787-418E-BE47-F6C91C8D6522}.Debug|x64.ActiveCfg = Debug|x64
		{46BEC021-8787-418E-BE47-F6C91C8D6522}.Debug|x64.Build.0 = Debug|x64
		{46BEC021-8787-418E-BE47-F6C91C8D6522}.Debug|x86.ActiveCfg = Debug|Win32
		{46BEC021-8787-418E-BE47-F6C91C8D6522}.Debug|x86.Build.0 = Debug|Win32
		{46BEC021-8787-418E-BE47-F6C91C8D6522}.Release|x64.ActiveCfg = Release|x64
		{46BEC021-8787-418E-BE47-F6C91C8D6522}.Release|x64.Build.0 = Release|x64
		{46BEC021-8787-418E-BE47-F6C91C8D6522}.Release|x86.ActiveCfg = Release|Win32
		{46BEC021-8787-418E-BE47-F6C91C8D6522}.Release|x86.Build.0 = Release|Win32
		{21F75AAF-E043-4EFF-ACCD-8765F6FDB77A}.Debug|x64.ActiveCfg = Debug|x64
		{21F75AAF-E043-4EFF-ACCD-8765F6FDB77A}.Debug|x64.Build.0 = Debug|x64
		{21F75AAF-E043-4EFF-ACCD-8765F6FDB77A}.Debug|x86.ActiveCfg = Debug|Win32
		{21F75AAF-E043-4EFF-ACCD-8765F6FDB77A}.Debug|x86.Build.0 = Debug|Win32
		{21F75AAF-E043-4EFF-ACCD-8765F6FDB77A}.Release|x64.ActiveCfg = Release|x64
		{21F75AAF-E043-4EFF-ACCD-8765F6FDB77A}.Release|x64.Build.0 = Release|x64
		{21F75AAF-E043-4EFF-ACCD-8765F6FDB77A}.Release|x86.ActiveCfg = Release|Win32
		{21F75AAF-E043-4EFF-ACCD-8765F6FDB77A}.Release|x86.Build.0 = Release|Win32
		{B0857300-9500-4C9E-BAF1-1192DE63972A}.Debug|x64.ActiveCfg = Debug|x64
		{B0857300-9500-4C9E-BAF1-1192DE63972A}.Debug|x64.Build.0 = Debug|x64
		{B0857300-9500-4C9E-BAF1-1192DE63972A}.Debug|x86.ActiveCfg = Debug|Win32
		{B0857300-9500-4C9E-BAF1-1192DE63972A}.Debug|x86.Build.0 = Debug|Win32
		{B0857300-9500-4C9E-BAF1-1192DE63972A}.Release|x64.ActiveCfg = Release|x64
		{B0857300-9500-4C9E-BAF1-1192DE63972A}.Release|x64.Build.0 = Release|x64
		{B0857300-9500-4C9E-BAF1-1192DE63972A}.Release|x86.ActiveCfg = Release|Win32
		{B0857300-9500-4C9E-BAF1-1192DE63972A}.Release|x86.Build.0 = Release|Win32
		{426C2044-050B-4AFA-B2F7-BF34D52C256B}.Debug|x64.ActiveCfg = Debug|x64
		{426C2044-050B-4AFA-B2F7-BF34D52C256B}.Debug|x64.Build.0 = Debug|x64
		{426C2044-050B-4AFA-B2F7-BF34D52C256B}.Debug|x86.ActiveCfg = Debug|Win32
		{426C2044-050B-4AFA-B2F7-BF34D52C256B}.Debug|x86.Build.0 = Debug|Win32
		{426C2044-050B-4AFA-B2F7-BF34D52C256B}.Release|x64.ActiveCfg = Release|x64
		{426C2044-050B-4AFA-B2F7-BF34D52C256B}.Release|x64.Build.0 = Release|x64
		{426C2044-050B-4AFA-B2F7-BF34D52C256B}.Release|x86.ActiveCfg = Release|Win32
		{426C2044-050B-4AFA-B2F7-BF34D52C256B}.Release|x86.Build.0 = Release|Win32
		{1C24F936-5066-4964-AD65-23EF919C340B}.Debug|x64.ActiveCfg = Debug|x64
		{1C24F936-5066-4964-AD65-23EF919C340B}.Debug|x64.Build.0 = Debug|x64
		{1C24F936-5066-4964-AD65-23EF919C340B}.Debug|x86.ActiveCfg = Debug|Win32
		{1C24F936-5066-4964-AD65-23EF919C340B}.Debug|x86.Build.0 = Debug|Win32
		{1C24F936-5066-4964-AD65-23EF919C340B}.Release|x64.ActiveCfg = Release|x64
		{1C24F936-5066-4964-AD65-23EF919C340B}.Release|x64.Build.0 = Release|x64
		{1C24F936-5066-4964-AD65-23EF919C340B}.Release|x86.ActiveCfg = Release|Win32
		{1C24F936-5066-4964-AD65-23EF919C340B}.Release|x86.Build.0 = Release|Win32
		{2BBF4A31-950B-45F8-8832-AB17E495C4A1}.Debug|x64.ActiveCfg = Debug|x64
		{2BBF4A31-950B-45F8-8832-AB17E495C4A1}.Debug|x64.Build.0 = Debug|x64
		{2BBF4A31-950B-45F8-8832-AB17E495C4A1}.Debug|x86.ActiveCfg = Debug|Win32
		{2BBF4A31-950B-45F8-8832-AB17E495C4A1}.Debug|x86.Build.0 = Debug|Win32
		{2BBF4A31-950B-45F8-8832-AB17E495C4A1}.Release|x64.ActiveCfg = Release|x64
		{2BBF4A31-950B-45F8-8832-AB17E495C4A1}.Release|x64.Build.0 = Release|x64
		{2BBF4A31-950B-45F8-8832-AB17E495C4A1}.Release|x86.ActiveCfg = Release|Win32
		{2BBF4A31-950B-45F8-8832-AB17E495C4A1}.Release|x86.Build.0 = Release|Win32
		{7B64D506-58BD-43D6-9776-3B26530F0E5A}.Debug|x64.ActiveCfg = Debug|x64
		{7B64D506-58BD-43D6-9776-3B26530F0E5A}.Debug|x64.Build.0 = Debug|x64
		{7B64D506-58BD-43D6-9776-3B26530F0E5A}.Debug|x86.ActiveCfg = Debug|Win32
		{7B64D506-58BD-43D6-9776-3B26530F0E5A}.Debug|x86.Build.0 = Debug|Win32
		{7B64D506-58BD-43D6-9776-3B26530F0E5A}.Release|x64.ActiveCfg = Release|x64
		{7B64D506-58BD-43D6-9776-3B26530F0E5A}.Release|x64.Build.0 = Release|x64
		{7B64D506-58BD-43D6-9776-3B26530F0E5A}.Release|x86.ActiveCfg = Release|Win32
		{7B64D506-58BD-43D6-9776-3B26530F0E5A}.Release|x86.Build.0 = Release|Win32
		{7F77C742-8026-4185-9A1F-94185CC8688E}.Debug|x64.ActiveCfg = Debug|x64
		{7F77C742-8026-4185-9A1F-94185CC8688E}.Debug|x64.Build.0 = Debug|x64
		{7F77C742-8026-4185-9A1F-94185CC8688E}.Debug|x86.ActiveCfg = Debug|Win32
		{7F77C742-8026-4185-9A1F-94185CC8688E}.Debug|x86.Build.0 = Debug|Win32
		{7F77C742-8026-4185-9A1F-94185CC8688E}.Release|x64.ActiveCfg = Release|x64
		{7F77C742-8026-4185-9A1F-94185CC8688E}.Release|x64.Build.0 = Release|x64
		{7F77C742-8026-4185-9A1F-94185CC8688E}.Release|x86.ActiveCfg = Release|Win32
		{7F77C742-8026-4185-9A1F-94185CC8688E}.Release|x86.Build.0 = Release|Win32
		{45999F1A-1023-41C9-8021-CDBD59889969}.Debug|x64.ActiveCfg = Debug|x64
		{45999F1A-1023-41C9-8021-CDBD59889969}.Debug|x64.Build.0 = Debug|x64
		{45999F1A-1023-41C9-8021-CDBD59889969}.Debug|x86.ActiveCfg = Debug|Win32
		{45999F1A-1023-41C9-8021-CDBD59889969}.Debug|x86.Build.0 = Debug|Win32
		{45999F1A-1023-41C9-8021-CDBD59889969}.Release|x64.ActiveCfg = Release|x64
		{45999F1A-1023-41C9-8021-CDBD59889969}.Release|x64.Build.0 = Release|x64
		{45999F1A-1023-41C9-8021-CDBD59889969}.Release|x86.ActiveCfg = Release|Win32
		{45999F1A-1023-41C9-8021-CDBD59889969}.Release|x86.Build.0 = Release|Win32
		{86FE9ECF-EC98-4446-8160-742918399EFD}.Debug|x64.ActiveCfg = Debug|x64
		{86FE9ECF-EC98-4446-8160-742918399EFD}.Debug|x64.Build.0 = Debug|x64
		{86FE9ECF-EC98-4446-8160-742918399EFD}.Debug|x86.ActiveCfg = Debug|Win32
		{86FE9ECF-EC98-4446-8160-742918399EFD}.Debug|x86.Build.0 = Debug|Win32
		{86FE9ECF-EC98-4446-8160-742918399EFD}.Release|x64.ActiveCfg = Release|x64
		{86FE9ECF-EC98-4446-8160-742918399EFD}.Release|x64.Build.0 = Release|x64
		{86FE9ECF-EC98-4446-8160-742918399EFD}.Release|x86.ActiveCfg = Release|Win32
		{86FE9ECF-EC98-4446-8160-742918399EFD}.Release|x86.Build.0 = Release|Win32
		{22D38C97-7683-4D39-8346-E8A3F2FF25BA}.Debug|x64.ActiveCfg = Debug|x64
		{22D38C97-7683-4D39-8346-E8A3F2FF25BA}.Debug|x64.Build.0 = Debug|x64
		{22D38C97-7683-4D39-8346-E8A3F2FF25BA}.Debug|x86.ActiveCfg = Debug|Win32
		{22D38C97-7683-4D39-8346-E8A3F2FF25BA}.Debug|x86.Build.0 = Debug|Win32
		{22D38C97-7683-4D39-8346-E8A3F2FF25BA}.Release|x64.ActiveCfg = Release|x64
		{22D38C97-7683-4D39-8346-E8A3F2FF25BA}.Release|x64.Build.0 = Release|x64
		{22D38C97-7683-4D39-8346-E8A3F2FF25BA}.Release|x86.ActiveCfg = Release|Win32
		{22D38C97-7683-4D39-8346-E8A3F2FF25BA}.Release|x86.Build.0 = Release|Win32
		{E1F290D2-99DB-48F1-AB65-B1B6DE045616}.Debug|x64.ActiveCfg = Debug|x64
		{E1F290D2-99DB-48F1-AB65-B1B6DE045616}.Debug|x64.Build.0 = Debug|x64
		{E1F290D2-99DB-48F1-AB65-B1B6DE045616}.Debug|x86.ActiveCfg = Debug|Win32
		{E1F290D2-99DB-48F1-AB65-B1B6DE045616}.Debug|x86.Build.0 = Debug|Win32
		{E1F290D2-99DB-48F1-AB65-B1B6DE045616}.Release|x64.ActiveCfg = Release|x64
		{E1F290D2-99DB-48F1-AB65-B1B6DE045616}.Release|x64.Build.0 = Release|x64
		{E1F290D2-99DB-48F1-AB65-B1B6DE045616}.Release|x86.ActiveCfg = Release|Win32
		{E1F290D2-99DB-48F1-AB65-B1B6DE045616}.Release|x86.Build.0 = Release|Win32
		{65F184E1-0F32-4174-A958-03B0421FC716}.Debug|x64.ActiveCfg = Debug|x64
		{65F184E1-0F32-4174-A958-03B0421FC716}.Debug|x64.Build.0 = Debug|x64
		{65F184E1-0F32-4174-A958-03B0421FC716}.Debug|x86.ActiveCfg = Debug|Win32
		{65F184E1-0F32-4174-A958-03B0421FC716}.Debug|x86.Build.0 = Debug|Win32
		{65F184E1-0F32-4174-A958-03B0421FC716}.Release|x64.ActiveCfg = Release|x64
		{65F184E1-0F32-4174-A958-03B0421FC716}.Release|x64.Build.0 = Release|x64
		{65F184E1-0F32-4174-A958-03B0421FC716}.Release|x86.ActiveCfg = Release|Win32
		{65F184E1-0F32-4174-A958-03B0421FC716}.Release|x86.Build.0 = Release|Win32
		{71754A29-81E3-4AF6-BA28-5EE1F7E39C47}.Debug|x64.ActiveCfg = Debug|x64
		{71754A29-81E3-4AF6-BA28-5EE1F7E39C47}.Debug|x64.Build.0 = Debug|x64
		{71754A29-81E3-4AF6-BA28-5EE1F7E39C47}.Debug|x86.ActiveCfg = Debug|Win32
		{71754A29-81E3-4AF6-BA28-5EE1F7E39C47}.Debug|x86.Build.0 = Debug|Win32
		{71754A29-81E3-4AF6-BA28-5EE1F7E39C47}.Release|x64.ActiveCfg = Release|x64
		{71754A29-81E3-4AF6-BA28-5EE1F7E39C47}.Release|x64.Build.0 = Release|x64
		{71754A29-81E3-4AF6-BA28-5EE1F7E39C47}.Release|x86.ActiveCfg = Release|Win32
		{71754A29-81E3-4AF6-BA28-5EE1F7E39C47}.Release|x86.Build.0 = Release|Win32
		{8F1E4FDE-5E2B-4F98-A9F2-B42C2E631E49}.Debug|x64.ActiveCfg = Debug|x64
		{8F1E4FDE-5E2B-4F98-A9F2-B42C2E631E49}.Debug|x64.Build.0 = Debug|x64
		{8F1E4FDE-5E2B-4F98-A9F2-B42C2E631E49}.Debug|x86.ActiveCfg = Debug|Win32
		{8F1E4FDE-5E2B-4F98-A9F2-B42C2E631E49}.Debug|x86.Build.0 = Debug|Win32
		{8F1E4FDE-5E2B-4F98-A9F2-B42C2E631E49}.Release|x64.ActiveCfg = Release|x64
		{8F1E4FDE-5E2B-4F98-A9F2-B42C2E631E49}.Release|x64.Build.0 = Release|x64
		{8F1E4FDE-5E2B-4F98-A9F2-B42C2E631E49}.Release|x86.ActiveCfg = Release|Win32
		{8F1E4FDE-5E2B-4F98-A9F2-B42C2E631E49}.Release|x86.Build.0 = Release|Win32
		{AF6BE3D7-6462-415B-AADF-B03A4CFC5C30}.Debug|x64.ActiveCfg = Debug|x64
		{AF6BE3D7-6462-415B-AADF-B03A4CFC5C30}.Debug|x64.Build.0 = Debug|x64
		{AF6BE3D7-6462-415B-AADF-B03A4CFC5C30}.Debug|x86.ActiveCfg = Debug|Win32
		{AF6BE3D7-6462-415B-AADF-B03A4CFC5C30}.Debug|x86.Build.0 = Debug|Win32
		{AF6BE3D7-6462-415B-AADF-B03A4CFC5C30}.Release|x64.ActiveCfg = Release|x64
		{AF6BE3D7-6462-415B-AADF-B03A4CFC5C30}.Release|x64.Build.0 = Release|x64
		{AF6BE3D7-6462-415B-AADF-B03A4CFC5C30}.Release|x86.ActiveCfg = Release|Win32
		{AF6BE3D7-6462-415B-AADF-B03A4CFC5C30}.Release|x86.Build.0 = Release|Win32
		{61102644-0A42-4A07-B973-7DFA68D0F27D}.Debug|x64.ActiveCfg = Debug|x64
		{61102644-0A42-4A07-B973-7DFA68D0F27D}.Debug|x64.Build.0 = Debug|x64
		{61102644-0A42-4A07-B973-7DFA68D0F27D}.Debug|x86.ActiveCfg = Debug|Win32
		{61102644-0A42-4A07-B973-7DFA68D0F27D}.Debug|x86.Build.0 = Debug|Win32
		{61102644-0A42-4A07-B973-7DFA68D0F27D}.Release|x64.ActiveCfg = Release|x64
		{61102644-0A42-4A07-B973-7DFA68D0F27D}.Release|x64.Build.0 = Release|x64
		{61102644-0A42-4A07-B973-7DFA68D0F27D}.Release|x86.ActiveCfg = Release|Win32
		{61102644-0A42-4A07-B973-7DFA68D0F27D}.Release|x86.Build.0 = Release|Win32
		{AFBA894D-8A8E-4B74-851D-9C7EC1D017B8}.Debug|x64.ActiveCfg = Debug|x64
		{AFBA894D-8A8E-4B74-851D-9C7EC1D017B8}.Debug|x64.Build.0 = Debug|x64
		{AFBA894D-8A8E-4B74-851D-9C7EC1D017B8}.Debug|x86.ActiveCfg = Debug|Win32
		{AFBA894D-8A8E-4B74-851D-9C7EC1D017B8}.Debug|x86.Build.0 = Debug|Win32
		{AFBA894D-8A8E-4B74-851D-9C7EC1D017B8}.Release|x64.ActiveCfg = Release|x64
		{AFBA894D-8A8E-4B74-851D-9C7EC1D017B8}.Release|x64.Build.0 = Release|x64
		{AFBA894D-8A8E-4B74-851D-9C7EC1D017B8}.Release|x86.ActiveCfg = Release|Win32
		{AFBA894D-8A8E-4B74-851D-9C7EC1D017B8}.Release|x86.Build.0 = Release|Win32
	EndGlobalSection
	GlobalSection(SolutionProperties) = preSolution
		HideSolutionNode = FALSE
	EndGlobalSection
	GlobalSection(NestedProjects) = preSolution
		{DCFECDB7-F527-4ADC-A4D7-91877DC006AC} = {5B11B1C8-39D6-41F4-A9D1-B340F2E4D266}
		{F39A68C0-B8C0-44F8-B6D9-83E0B7EC3455} = {5B11B1C8-39D6-41F4-A9D1-B340F2E4D266}
		{4AAA1E5C-7CCB-4295-822E-56B37B69776A} = {5B11B1C8-39D6-41F4-A9D1-B340F2E4D266}
		{1D9BFE81-ACE7-4D6B-9899-51CD401CB1C7} = {5B11B1C8-39D6-41F4-A9D1-B340F2E4D266}
		{B0D1800C-7313-47A5-A541-ADAECDC59D79} = {5B11B1C8-39D6-41F4-A9D1-B340F2E4D266}
		{895DACAB-8D96-49B5-8140-59754F2F45AA} = {5B11B1C8-39D6-41F4-A9D1-B340F2E4D266}
		{534865AF-42F4-4372-BD4A-6375A01A1EC7} = {5B11B1C8-39D6-41F4-A9D1-B340F2E4D266}
		{F0EC7A08-DA86-46F5-ACF0-54FC7DE84F27} = {5B11B1C8-39D6-41F4-A9D1-B340F2E4D266}
		{6653A6E0-29D8-4AA5-9B27-525FE09CC183} = {5B11B1C8-39D6-41F4-A9D1-B340F2E4D266}
		{4487D4C2-5A03-4E63-B693-9F0E3A79F0E8} = {5B11B1C8-39D6-41F4-A9D1-B340F2E4D266}
		{9113D561-F5C5-4DFF-8458-44BA558C2EF5} = {5B11B1C8-39D6-41F4-A9D1-B340F2E4D266}
		{98C7F734-8871-4446-BD0C-F436D5240364} = {5B11B1C8-39D6-41F4-A9D1-B340F2E4D266}
		{774A4F41-BD4D-4BE4-ADA3-3543C628F0B4} = {5B11B1C8-39D6-41F4-A9D1-B340F2E4D266}
		{1AC8C93B-313C-4739-8984-90A93D1F3302} = {5B11B1C8-39D6-41F4-A9D1-B340F2E4D266}
		{FF4979F9-ABB1-437D-80F5-1A721981A123} = {5B11B1C8-39D6-41F4-A9D1-B340F2E4D266}
		{336726BB-2FE7-4DC9-9A07-7193882C34AC} = {4BE199B5-28F0-4281-A900-839E137EB925}
		{98046943-53FB-4C69-82A8-BFB7438941B8} = {4BE199B5-28F0-4281-A900-839E137EB925}
		{7BB9AD38-D63E-4305-BB51-3D7B32F34DF5} = {98046943-53FB-4C69-82A8-BFB7438941B8}
		{08201AA7-8DDA-4A55-9D5D-CDA5E47CD765} = {98046943-53FB-4C69-82A8-BFB7438941B8}
		{113333FE-730A-4BDA-9F96-AA2F6464B0DD} = {98046943-53FB-4C69-82A8-BFB7438941B8}
		{D6745D5E-8B04-4770-8AEF-BE27003982CD} = {98046943-53FB-4C69-82A8-BFB7438941B8}
		{AC591B45-1D65-4B7B-9DBC-7A441E55CF1A} = {98046943-53FB-4C69-82A8-BFB7438941B8}
		{5002BAB5-B271-4F4B-BBD5-CFC4449CEC09} = {98046943-53FB-4C69-82A8-BFB7438941B8}
		{203DB19F-3170-4144-863F-C8E27F5CA5FA} = {98046943-53FB-4C69-82A8-BFB7438941B8}
		{100D9601-32BE-43B6-A6D2-F312ADCBDAB4} = {98046943-53FB-4C69-82A8-BFB7438941B8}
		{A4387C1B-FC6F-42BB-B94F-D0CDE7A63548} = {98046943-53FB-4C69-82A8-BFB7438941B8}
		{B55D185F-52CC-492F-836A-D9A6BE758063} = {98046943-53FB-4C69-82A8-BFB7438941B8}
		{3AE0948C-5FB5-4412-918F-BFCFCF293428} = {98046943-53FB-4C69-82A8-BFB7438941B8}
		{D89A4FCC-6FC5-4138-9436-3EDD1079B585} = {98046943-53FB-4C69-82A8-BFB7438941B8}
		{7DCE2695-4C64-409C-A08B-B6E348358D16} = {98046943-53FB-4C69-82A8-BFB7438941B8}
		{E9CD7823-0C2E-457F-8C73-771F5D86E393} = {98046943-53FB-4C69-82A8-BFB7438941B8}
		{931F4AAF-08D1-4BB7-AB21-2D9EC02984BE} = {98046943-53FB-4C69-82A8-BFB7438941B8}
		{2B487CE8-B86B-498E-8295-AE355D9819D8} = {98046943-53FB-4C69-82A8-BFB7438941B8}
		{0A8DE5B6-0A91-4492-AF4E-9F7ADF1BC919} = {336726BB-2FE7-4DC9-9A07-7193882C34AC}
		{9DEF9DCB-8CB4-4591-83CF-91A3238FF67B} = {336726BB-2FE7-4DC9-9A07-7193882C34AC}
		{019E661A-26EC-48D3-985A-5879F4EF65D5} = {336726BB-2FE7-4DC9-9A07-7193882C34AC}
		{542AB1D0-38FC-4B81-BE3C-556CC1099467} = {336726BB-2FE7-4DC9-9A07-7193882C34AC}
		{99A7AC2E-02CB-473A-A3FB-94D57AE05919} = {336726BB-2FE7-4DC9-9A07-7193882C34AC}
		{DE0D26F6-F6A2-4829-9052-1FB276CE1865} = {336726BB-2FE7-4DC9-9A07-7193882C34AC}
		{2A77C0E2-F209-4C09-8AEC-299DD1800E84} = {336726BB-2FE7-4DC9-9A07-7193882C34AC}
		{27192E3B-D596-473D-ABB6-60A2D718BB06} = {336726BB-2FE7-4DC9-9A07-7193882C34AC}
		{FF9B3CD7-D1D3-4676-8B4F-C0492677847C} = {336726BB-2FE7-4DC9-9A07-7193882C34AC}
		{7C645BE0-6E3A-40AD-9B7D-EEE0666D9509} = {336726BB-2FE7-4DC9-9A07-7193882C34AC}
		{FA86EB80-F582-4A7D-9710-0D9A925B9C4E} = {336726BB-2FE7-4DC9-9A07-7193882C34AC}
		{0240A580-54E0-409E-A5F0-BF10DAFB3F2E} = {336726BB-2FE7-4DC9-9A07-7193882C34AC}
		{A7673722-ED88-4EAC-89C5-E2541B539439} = {336726BB-2FE7-4DC9-9A07-7193882C34AC}
		{245929FD-E34C-4E18-A21C-59F4131BB34A} = {336726BB-2FE7-4DC9-9A07-7193882C34AC}
		{58FD0885-7D7F-4CD0-B9D3-19A648DDAB5D} = {336726BB-2FE7-4DC9-9A07-7193882C34AC}
		{BC6E791A-4530-4A66-A26E-546BBB7EBC57} = {336726BB-2FE7-4DC9-9A07-7193882C34AC}
		{C6CCEDA4-2555-4BF8-98EC-D21736706631} = {336726BB-2FE7-4DC9-9A07-7193882C34AC}
		{9C09E06F-6528-4065-AA9E-D9656E6A6379} = {336726BB-2FE7-4DC9-9A07-7193882C34AC}
		{A709B9E1-ECC7-447C-87D3-652D88C028D1} = {F95B6AF2-3E00-4CBE-A08A-C862E9FD9AE8}
		{CA35B2F5-BA9E-403E-ABA6-8599594D9AD8} = {F95B6AF2-3E00-4CBE-A08A-C862E9FD9AE8}
		{0AB70DF8-5741-461F-AB1B-86A348A3A7E9} = {F95B6AF2-3E00-4CBE-A08A-C862E9FD9AE8}
		{C6F5A9FA-893E-46F7-8C74-2A27C349925A} = {F95B6AF2-3E00-4CBE-A08A-C862E9FD9AE8}
		{80E477DF-6BBB-42A9-AF79-6D1456B2E7C3} = {F95B6AF2-3E00-4CBE-A08A-C862E9FD9AE8}
		{888316C4-B5AD-46BB-A0D5-BE457E985D87} = {F95B6AF2-3E00-4CBE-A08A-C862E9FD9AE8}
		{FE3710D3-C5C2-4F32-97A1-B83C877434CB} = {F95B6AF2-3E00-4CBE-A08A-C862E9FD9AE8}
		{87C9CCD4-BF1A-435D-B492-3DDC76E95B76} = {F95B6AF2-3E00-4CBE-A08A-C862E9FD9AE8}
		{2F0605A0-CCD2-4B28-BA93-672E19350939} = {F95B6AF2-3E00-4CBE-A08A-C862E9FD9AE8}
		{46BEC021-8787-418E-BE47-F6C91C8D6522} = {F95B6AF2-3E00-4CBE-A08A-C862E9FD9AE8}
		{21F75AAF-E043-4EFF-ACCD-8765F6FDB77A} = {F95B6AF2-3E00-4CBE-A08A-C862E9FD9AE8}
		{B0857300-9500-4C9E-BAF1-1192DE63972A} = {F95B6AF2-3E00-4CBE-A08A-C862E9FD9AE8}
		{426C2044-050B-4AFA-B2F7-BF34D52C256B} = {F95B6AF2-3E00-4CBE-A08A-C862E9FD9AE8}
		{1C24F936-5066-4964-AD65-23EF919C340B} = {F95B6AF2-3E00-4CBE-A08A-C862E9FD9AE8}
		{2BBF4A31-950B-45F8-8832-AB17E495C4A1} = {F95B6AF2-3E00-4CBE-A08A-C862E9FD9AE8}
		{7B64D506-58BD-43D6-9776-3B26530F0E5A} = {F95B6AF2-3E00-4CBE-A08A-C862E9FD9AE8}
		{7F77C742-8026-4185-9A1F-94185CC8688E} = {F95B6AF2-3E00-4CBE-A08A-C862E9FD9AE8}
		{45999F1A-1023-41C9-8021-CDBD59889969} = {F95B6AF2-3E00-4CBE-A08A-C862E9FD9AE8}
		{86FE9ECF-EC98-4446-8160-742918399EFD} = {F95B6AF2-3E00-4CBE-A08A-C862E9FD9AE8}
		{22D38C97-7683-4D39-8346-E8A3F2FF25BA} = {6202D3E1-299D-4255-83AA-DFEB9E4EA8A5}
		{E1F290D2-99DB-48F1-AB65-B1B6DE045616} = {F95B6AF2-3E00-4CBE-A08A-C862E9FD9AE8}
		{65F184E1-0F32-4174-A958-03B0421FC716} = {F95B6AF2-3E00-4CBE-A08A-C862E9FD9AE8}
		{71754A29-81E3-4AF6-BA28-5EE1F7E39C47} = {6202D3E1-299D-4255-83AA-DFEB9E4EA8A5}
		{8F1E4FDE-5E2B-4F98-A9F2-B42C2E631E49} = {560EA5D1-5D27-402A-BB7B-365EDE6D6500}
		{AF6BE3D7-6462-415B-AADF-B03A4CFC5C30} = {560EA5D1-5D27-402A-BB7B-365EDE6D6500}
		{61102644-0A42-4A07-B973-7DFA68D0F27D} = {6202D3E1-299D-4255-83AA-DFEB9E4EA8A5}
		{AFBA894D-8A8E-4B74-851D-9C7EC1D017B8} = {F95B6AF2-3E00-4CBE-A08A-C862E9FD9AE8}
	EndGlobalSection
	GlobalSection(ExtensibilityGlobals) = postSolution
		SolutionGuid = {2E4B6B40-23D2-44B1-8503-70BBEDC4E4D5}
	EndGlobalSection
EndGlobal
